// !$*UTF8*$!
{
	archiveVersion = 1;
	classes = {
	};
	objectVersion = 77;
	objects = {

/* Begin PBXBuildFile section */
		01542D11AADCB196F67EE78C /* SignatureLegacyIntegrationTests.swift in Sources */ = {isa = PBXBuildFile; fileRef = 11CAA2009FC09F663C6DDDDF /* SignatureLegacyIntegrationTests.swift */; };
		0536C6C57B7D39C5CC96C3D8 /* CareerBootstrapTests.swift in Sources */ = {isa = PBXBuildFile; fileRef = 8914567CCE3DC83C86EC8133 /* CareerBootstrapTests.swift */; };
		05793DCA31745B85E30FE7DC /* DesignSystem.swift in Sources */ = {isa = PBXBuildFile; fileRef = 0AFB40C23D4863D2F7565C54 /* DesignSystem.swift */; };
		081602F5FA74589497AF94AC /* GameAudioCueMapping.swift in Sources */ = {isa = PBXBuildFile; fileRef = 3B045C1EBD79FC9F35FAFE40 /* GameAudioCueMapping.swift */; };
		0A5CBC71EFB7F6C73897A9D9 /* ProSeasonDecisionTests.swift in Sources */ = {isa = PBXBuildFile; fileRef = 2877223067C00DD6FDC0B1C7 /* ProSeasonDecisionTests.swift */; };
		0AEB3543D58F52B829F69F2D /* GoogleService-Info.plist in Resources */ = {isa = PBXBuildFile; fileRef = 077E4203F2191CBF2178BCCE /* GoogleService-Info.plist */; };
		0BA1F21987CA928F926B930B /* FirebaseAnalytics in Frameworks */ = {isa = PBXBuildFile; productRef = 5EB7D7DD80808D2ADC11E76C /* FirebaseAnalytics */; };
		0BEB448E80D1A7A1BED0B560 /* GameAnalytics.swift in Sources */ = {isa = PBXBuildFile; fileRef = EC349CC26A5D3281BE20CAE6 /* GameAnalytics.swift */; };
		0E8B47740AB64ADAAD5B3CCF /* MobileCareerStore.swift in Sources */ = {isa = PBXBuildFile; fileRef = CD3E88E4A7B3086BC982C1FF /* MobileCareerStore.swift */; };
		0FA9962AE598131FB9B014B9 /* CareerWindIntegrationTests.swift in Sources */ = {isa = PBXBuildFile; fileRef = B344405949FBBB38FD06B6EC /* CareerWindIntegrationTests.swift */; };
		13C737FE1665F41707DAA29E /* Haptics.swift in Sources */ = {isa = PBXBuildFile; fileRef = A0414F684F40EFF55736026F /* Haptics.swift */; };
		13EA77018AE302361EDCB5D0 /* BaseballApp.swift in Sources */ = {isa = PBXBuildFile; fileRef = 2EA74DD86E9DE3EEACA98A97 /* BaseballApp.swift */; };
		1FFF80CE5E3E359F4EB4BE24 /* ExceptionCatcher.m in Sources */ = {isa = PBXBuildFile; fileRef = BBE3704F64563F164CBC134B /* ExceptionCatcher.m */; };
		2002DF8C14E6ACE3382A1C57 /* PrivacyInfo.xcprivacy in Resources */ = {isa = PBXBuildFile; fileRef = 8C9444147D2AD6F238142F71 /* PrivacyInfo.xcprivacy */; };
		200EF99598BFB8511E960E60 /* AchievementStore.swift in Sources */ = {isa = PBXBuildFile; fileRef = 2DF6E7A55BE0B0DB5D70E46A /* AchievementStore.swift */; };
		2105A4026AD256C1307FDCAA /* HighSchoolPresentation.swift in Sources */ = {isa = PBXBuildFile; fileRef = 4B08F1209CBA0DDEF9A93A9A /* HighSchoolPresentation.swift */; };
		25B3796058367C46EF5E2E18 /* LeagueView.swift in Sources */ = {isa = PBXBuildFile; fileRef = 61AB79BC705EDF00B2936C42 /* LeagueView.swift */; };
		2638F050E949FE5910943B1E /* RealPlayDraftRateTests.swift in Sources */ = {isa = PBXBuildFile; fileRef = 4FE5AB15BAE31989A7FC4AED /* RealPlayDraftRateTests.swift */; };
		270DC80BF7541742C2D06518 /* SaveSync.swift in Sources */ = {isa = PBXBuildFile; fileRef = C5042CCB3A22057F66C30688 /* SaveSync.swift */; };
		284D9934BBEF9B22F77E147A /* ReviewPromptTests.swift in Sources */ = {isa = PBXBuildFile; fileRef = DF108344BFAED17D556F40B5 /* ReviewPromptTests.swift */; };
		2A7BA2CA98BAB566A4978470 /* PromoCaptureUITests.swift in Sources */ = {isa = PBXBuildFile; fileRef = 598D8EDA6137AA0633E3390B /* PromoCaptureUITests.swift */; };
		303543BA51462FBEB3D5EF25 /* LifeCardShareImageTests.swift in Sources */ = {isa = PBXBuildFile; fileRef = C2B3535CB3FE59963B819C22 /* LifeCardShareImageTests.swift */; };
		32DBC2A2CC67F17B4526ABBD /* PlayerBondStory.swift in Sources */ = {isa = PBXBuildFile; fileRef = 8E23359F31C38210219302E4 /* PlayerBondStory.swift */; };
		3379C95CA8A90F2403DF846D /* RetentionTests.swift in Sources */ = {isa = PBXBuildFile; fileRef = 75533AB861B98CEA53BE960B /* RetentionTests.swift */; };
		397BFB3AFE8D991E150E2D8F /* WeeklyProgramTests.swift in Sources */ = {isa = PBXBuildFile; fileRef = B953034940DAA27530E1A82D /* WeeklyProgramTests.swift */; };
		3FA995542819DC5AC3209BE2 /* PitchScenario.swift in Sources */ = {isa = PBXBuildFile; fileRef = 5F3552DE680E36021D69234E /* PitchScenario.swift */; };
		4A405A3D88D5A5E379B2C411 /* PromoAudioExportTests.swift in Sources */ = {isa = PBXBuildFile; fileRef = 5C36ED43C051643AA3CFD946 /* PromoAudioExportTests.swift */; };
		4C8AE130870EA281BFD72F7D /* HighSchoolSetupView.swift in Sources */ = {isa = PBXBuildFile; fileRef = E1DD00A7AD350A34AD82027A /* HighSchoolSetupView.swift */; };
		4EDA06DB931392AA67B38BC7 /* RetentionHookTests.swift in Sources */ = {isa = PBXBuildFile; fileRef = 47529F0C2EEE8176E1793545 /* RetentionHookTests.swift */; };
		5077858E4A40AC8E73811CA4 /* CareerBootstrap.swift in Sources */ = {isa = PBXBuildFile; fileRef = D56DF85AD3C0B33592326F37 /* CareerBootstrap.swift */; };
		51EE16EEC71636184030A76D /* PitchDramaRenderTests.swift in Sources */ = {isa = PBXBuildFile; fileRef = CDD8B42501E979FDCAA6CA15 /* PitchDramaRenderTests.swift */; };
		539AC44A52E0B08CD1390416 /* DeliveryControlTests.swift in Sources */ = {isa = PBXBuildFile; fileRef = 902334DCFD6C688F66710F0E /* DeliveryControlTests.swift */; };
		59B324B22D4C3D696852895B /* GameLineFormatTests.swift in Sources */ = {isa = PBXBuildFile; fileRef = 2837CAF42ACF84B7B70646F4 /* GameLineFormatTests.swift */; };
		5A881EBED9613ED0FF34D616 /* StatusBarScrimUITests.swift in Sources */ = {isa = PBXBuildFile; fileRef = C5E7C5D3EDD999E1D165E7E9 /* StatusBarScrimUITests.swift */; };
		5FEAD267314385E75FE60A57 /* PresentationTests.swift in Sources */ = {isa = PBXBuildFile; fileRef = 5A43585B38B15CFA1150CE37 /* PresentationTests.swift */; };
		61A6CBB5D16E4133B3BB21C9 /* GameCenterBoardView.swift in Sources */ = {isa = PBXBuildFile; fileRef = 3543EFDD40B925E03F19E129 /* GameCenterBoardView.swift */; };
		6407DCFE4D37D5E4AE6F19CF /* RecordView.swift in Sources */ = {isa = PBXBuildFile; fileRef = C95C0C193AE57D564D00ED12 /* RecordView.swift */; };
		65225C15E9DA899100BB52EC /* ReviewPrompt.swift in Sources */ = {isa = PBXBuildFile; fileRef = 3A54A4DEE8905DFE6B127C47 /* ReviewPrompt.swift */; };
		6A6106306E1AF28A5FCFE1FE /* ProRivalBatter+Stats.swift in Sources */ = {isa = PBXBuildFile; fileRef = F3FA3A8BA815F3B87537D27F /* ProRivalBatter+Stats.swift */; };
		6AF39BC5F556514B4E65261D /* AnalyticsContextTests.swift in Sources */ = {isa = PBXBuildFile; fileRef = E4F62B28391A7D32EB6880E3 /* AnalyticsContextTests.swift */; };
		74CC5DD9D7ECD32F61707E5D /* GameAudio.swift in Sources */ = {isa = PBXBuildFile; fileRef = 8B412E9D5634221ADBA8ED35 /* GameAudio.swift */; };
		77B6A10F10B42E5D0C183205 /* SettingsView.swift in Sources */ = {isa = PBXBuildFile; fileRef = B19519846B2DF9369A5DA8FC /* SettingsView.swift */; };
		7957C1C3814C592C7B49DDC6 /* RunRecapView.swift in Sources */ = {isa = PBXBuildFile; fileRef = B1C8F87051DCDE81B44A819D /* RunRecapView.swift */; };
		7ABAEA67E66023CCF56BCEDB /* QACaptureUITests.swift in Sources */ = {isa = PBXBuildFile; fileRef = B6DDF52C7FC66A5A36C50638 /* QACaptureUITests.swift */; };
		81B9B8504D8A35973B155E63 /* HighSchoolCareerView.swift in Sources */ = {isa = PBXBuildFile; fileRef = AB871919CDBE86B35708EEBF /* HighSchoolCareerView.swift */; };
		82580BD7836B80FCB2192667 /* ShareCompletionTests.swift in Sources */ = {isa = PBXBuildFile; fileRef = 42E2D3BF1F0304129547F851 /* ShareCompletionTests.swift */; };
		828A1169DEA7E2BA3CC7348B /* SoundBank.swift in Sources */ = {isa = PBXBuildFile; fileRef = 1F71BD5BC715F678CF9E14C5 /* SoundBank.swift */; };
		87D08E2396235CB38A0946CF /* UmpireVoiceTests.swift in Sources */ = {isa = PBXBuildFile; fileRef = 428C02967C4E89685CFBD9C4 /* UmpireVoiceTests.swift */; };
		910EAAC15C26A49FEDEC9847 /* CareerSetupView.swift in Sources */ = {isa = PBXBuildFile; fileRef = DEB11CD9FB866181225768DD /* CareerSetupView.swift */; };
		971514F1BB15C37CAF1EBD58 /* RunPledge.swift in Sources */ = {isa = PBXBuildFile; fileRef = D8B4D62570AB6AC467EA4EF7 /* RunPledge.swift */; };
		98E80C6A739205CFC4F69E02 /* LifeCardView.swift in Sources */ = {isa = PBXBuildFile; fileRef = 0F62F6768821513F9AA61316 /* LifeCardView.swift */; };
		98F47F2D21DE7C84E44394A0 /* CareerFlowView.swift in Sources */ = {isa = PBXBuildFile; fileRef = 3D26B37B23B71DC22DBFBA27 /* CareerFlowView.swift */; };
		9D4EF036DCF8995AAD5F1ED9 /* RivalAdaptationSessionTests.swift in Sources */ = {isa = PBXBuildFile; fileRef = 3B4D291F1E68F84823F3AD13 /* RivalAdaptationSessionTests.swift */; };
		A0FAD88E95958BEC56B0DC78 /* HighSchoolCareerStore.swift in Sources */ = {isa = PBXBuildFile; fileRef = BFE0F40C01B6D49B74C3C25A /* HighSchoolCareerStore.swift */; };
		A4546BE3ADDBE84CF693B456 /* AvatarFace.swift in Sources */ = {isa = PBXBuildFile; fileRef = 77876A24C70FB76B972B1BFB /* AvatarFace.swift */; };
		A6EE8A5F5E6BBF61B55F2378 /* SoundBankTests.swift in Sources */ = {isa = PBXBuildFile; fileRef = CAD4A6060A2CDCE715AC68FA /* SoundBankTests.swift */; };
		A7A1E4BCB6F2294E361B74CD /* Assets.xcassets in Resources */ = {isa = PBXBuildFile; fileRef = 88829ECACC67B2EBCDBC9538 /* Assets.xcassets */; };
		A8800D4D45BE21DE1315474E /* GameLineFormat.swift in Sources */ = {isa = PBXBuildFile; fileRef = D6400E3C7B6732A0F7E8EE94 /* GameLineFormat.swift */; };
		AC643EFE859422711140B702 /* PitchDramaView.swift in Sources */ = {isa = PBXBuildFile; fileRef = 7A1D59E198E4D5D56F06F17C /* PitchDramaView.swift */; };
		B1D2BF816D32C7FAD957AD3B /* DailyInningView.swift in Sources */ = {isa = PBXBuildFile; fileRef = B6D779C208B26C99AC08FD12 /* DailyInningView.swift */; };
		B235CA178BDA7E4B371B1F37 /* Audio in Resources */ = {isa = PBXBuildFile; fileRef = F6526F986EB9E4B84BFD6792 /* Audio */; };
		B2563DD8BA0252148CCDCA7A /* AbilityGaugeView.swift in Sources */ = {isa = PBXBuildFile; fileRef = F060404E63A14ED602332946 /* AbilityGaugeView.swift */; };
		B534AF17C3954F02B54B3161 /* PitchSessionTests.swift in Sources */ = {isa = PBXBuildFile; fileRef = C84D0F09EB96CC29A52B238F /* PitchSessionTests.swift */; };
		BBB25AB032932D614C965083 /* PitchView.swift in Sources */ = {isa = PBXBuildFile; fileRef = F72E6C8CF9034C5EF75C8C51 /* PitchView.swift */; };
		C29511996618BCC2A9EC95F7 /* AvatarFaceTests.swift in Sources */ = {isa = PBXBuildFile; fileRef = 44A2719CCDD3666B7FD20946 /* AvatarFaceTests.swift */; };
		C4D1BA8CE7A97221450F8166 /* WeeklyProgramView.swift in Sources */ = {isa = PBXBuildFile; fileRef = 4861165CB7B3EEF6CEE654D5 /* WeeklyProgramView.swift */; };
		C4DCFA950D310CE7A1593078 /* AchievementsView.swift in Sources */ = {isa = PBXBuildFile; fileRef = 9A1FF7372CAEE9C5547CF458 /* AchievementsView.swift */; };
		D0F32E1131A17F3BEF4431A7 /* RunPledgeTests.swift in Sources */ = {isa = PBXBuildFile; fileRef = 146CB8283D0AEFCE220F27FE /* RunPledgeTests.swift */; };
		D3079C5E27CB2BEDC3EABCEE /* CareerPacingTests.swift in Sources */ = {isa = PBXBuildFile; fileRef = 0B07031984E281C6A1E29EDA /* CareerPacingTests.swift */; };
		D4163F33A8A48E9F2C47C021 /* PlateFigures.swift in Sources */ = {isa = PBXBuildFile; fileRef = 27956A4973C78EE16192061C /* PlateFigures.swift */; };
		D461F48E6FD8C03B8697AAA5 /* SimulationCore in Frameworks */ = {isa = PBXBuildFile; productRef = 17CAB6B06F634AF92AC437D2 /* SimulationCore */; };
		D4BF25AADEA2766021428C57 /* WeeklyProgramStore.swift in Sources */ = {isa = PBXBuildFile; fileRef = 9FEDE48CB311BF7D78C80673 /* WeeklyProgramStore.swift */; };
		D5AB687C52FABB539699F9D3 /* OpeningView.swift in Sources */ = {isa = PBXBuildFile; fileRef = F94A4FC0E937518324E7DD23 /* OpeningView.swift */; };
		D938E46F882A5F6954C0CD9D /* Achievements.swift in Sources */ = {isa = PBXBuildFile; fileRef = 2E520447AA0844B41D0C8F96 /* Achievements.swift */; };
		DA6459F9A55E40D88179CB42 /* PlayerBondStoryTests.swift in Sources */ = {isa = PBXBuildFile; fileRef = F04F595F5689A6F2DE5FFF89 /* PlayerBondStoryTests.swift */; };
		DD20655886A0B897AA32DC44 /* DeliveryControl.swift in Sources */ = {isa = PBXBuildFile; fileRef = 4098E0B38E32E1CCF6BC0549 /* DeliveryControl.swift */; };
		DF773278E6080C28533006FF /* TrajectorySample.swift in Sources */ = {isa = PBXBuildFile; fileRef = 907AEA8BF7BCC3156FC0CCA1 /* TrajectorySample.swift */; };
		E2F8C6DE5F19C9DB154A2F7F /* CareerSmokeUITests.swift in Sources */ = {isa = PBXBuildFile; fileRef = 79173A1105F3877F88315737 /* CareerSmokeUITests.swift */; };
		E40F7D998E88BAC84C6D72C7 /* ClimaxViews.swift in Sources */ = {isa = PBXBuildFile; fileRef = F78149DDA8DDF2C728669E79 /* ClimaxViews.swift */; };
		E4628D8047807E0676401679 /* DailyStreak.swift in Sources */ = {isa = PBXBuildFile; fileRef = 507AAA46F44E878D919EA9F8 /* DailyStreak.swift */; };
		E9E130443E4854E436E3B4C5 /* DailyReminder.swift in Sources */ = {isa = PBXBuildFile; fileRef = 0ED6EC4ADACBF4490B605B09 /* DailyReminder.swift */; };
		EA000F1A5409E075349B7FBB /* PitchSituationTests.swift in Sources */ = {isa = PBXBuildFile; fileRef = 5BBDABD94C6B60B2F9C2AFAB /* PitchSituationTests.swift */; };
		EA2EEF918C11D0DAD02C2112 /* SimulationCore in Frameworks */ = {isa = PBXBuildFile; productRef = 038EBE72085665C46B77DF02 /* SimulationCore */; };
		F18BDDDD2E2651D509AA8D52 /* ShareSheet.swift in Sources */ = {isa = PBXBuildFile; fileRef = A1E5BEEF8257DEF8C5539EFF /* ShareSheet.swift */; };
		F4A9E1973C7F28B581107BAA /* PromoFrameExportTests.swift in Sources */ = {isa = PBXBuildFile; fileRef = 0920357104804755EEFF843D /* PromoFrameExportTests.swift */; };
		F51A7AAC0D43BBCA3CB6D7AC /* AppShell.swift in Sources */ = {isa = PBXBuildFile; fileRef = 356AC8C39D52A759CC575D92 /* AppShell.swift */; };
		F593FB8852525E55FBFF68F2 /* WeeklyProgram.swift in Sources */ = {isa = PBXBuildFile; fileRef = A9296BF31EB5EB1D0787EA77 /* WeeklyProgram.swift */; };
		F5D020DF3A1B4E0A3C2DB41E /* GrowthCelebrationView.swift in Sources */ = {isa = PBXBuildFile; fileRef = E42DDAB867B43BEE748D08DB /* GrowthCelebrationView.swift */; };
		F69C755A97EF78CD6CB80517 /* PitchSession.swift in Sources */ = {isa = PBXBuildFile; fileRef = 6987D517241132311CC896B0 /* PitchSession.swift */; };
		FC2682FCBF2DAE8965DB929F /* LifeArchiveView.swift in Sources */ = {isa = PBXBuildFile; fileRef = 2BAD21AD8917D769883E60B7 /* LifeArchiveView.swift */; };
		FC546DF5752543E0E78A5A09 /* AmplitudeSwift in Frameworks */ = {isa = PBXBuildFile; productRef = 596CFC81225CCDFCB6BFC130 /* AmplitudeSwift */; };
		FE98ACA8EA08D75154851B13 /* PadBedTests.swift in Sources */ = {isa = PBXBuildFile; fileRef = 1F8835399622943256243E1B /* PadBedTests.swift */; };
/* End PBXBuildFile section */

/* Begin PBXContainerItemProxy section */
		866B87072E27C940E894067E /* PBXContainerItemProxy */ = {
			isa = PBXContainerItemProxy;
			containerPortal = 0E17C2BC6CF84F4B1E407270 /* Project object */;
			proxyType = 1;
			remoteGlobalIDString = A6AE4AA6C49C272B1AAC1C9E;
			remoteInfo = BaseballIOS;
		};
		D2CAA766E1292188D3A194EE /* PBXContainerItemProxy */ = {
			isa = PBXContainerItemProxy;
			containerPortal = 0E17C2BC6CF84F4B1E407270 /* Project object */;
			proxyType = 1;
			remoteGlobalIDString = A6AE4AA6C49C272B1AAC1C9E;
			remoteInfo = BaseballIOS;
		};
/* End PBXContainerItemProxy section */

/* Begin PBXFileReference section */
		077E4203F2191CBF2178BCCE /* GoogleService-Info.plist */ = {isa = PBXFileReference; lastKnownFileType = text.plist; path = "GoogleService-Info.plist"; sourceTree = "<group>"; };
		0920357104804755EEFF843D /* PromoFrameExportTests.swift */ = {isa = PBXFileReference; lastKnownFileType = sourcecode.swift; path = PromoFrameExportTests.swift; sourceTree = "<group>"; };
		0AFB40C23D4863D2F7565C54 /* DesignSystem.swift */ = {isa = PBXFileReference; lastKnownFileType = sourcecode.swift; path = DesignSystem.swift; sourceTree = "<group>"; };
		0B07031984E281C6A1E29EDA /* CareerPacingTests.swift */ = {isa = PBXFileReference; lastKnownFileType = sourcecode.swift; path = CareerPacingTests.swift; sourceTree = "<group>"; };
		0ED6EC4ADACBF4490B605B09 /* DailyReminder.swift */ = {isa = PBXFileReference; lastKnownFileType = sourcecode.swift; path = DailyReminder.swift; sourceTree = "<group>"; };
		0F62F6768821513F9AA61316 /* LifeCardView.swift */ = {isa = PBXFileReference; lastKnownFileType = sourcecode.swift; path = LifeCardView.swift; sourceTree = "<group>"; };
		11CAA2009FC09F663C6DDDDF /* SignatureLegacyIntegrationTests.swift */ = {isa = PBXFileReference; lastKnownFileType = sourcecode.swift; path = SignatureLegacyIntegrationTests.swift; sourceTree = "<group>"; };
		146CB8283D0AEFCE220F27FE /* RunPledgeTests.swift */ = {isa = PBXFileReference; lastKnownFileType = sourcecode.swift; path = RunPledgeTests.swift; sourceTree = "<group>"; };
		1F71BD5BC715F678CF9E14C5 /* SoundBank.swift */ = {isa = PBXFileReference; lastKnownFileType = sourcecode.swift; path = SoundBank.swift; sourceTree = "<group>"; };
		1F8835399622943256243E1B /* PadBedTests.swift */ = {isa = PBXFileReference; lastKnownFileType = sourcecode.swift; path = PadBedTests.swift; sourceTree = "<group>"; };
		27956A4973C78EE16192061C /* PlateFigures.swift */ = {isa = PBXFileReference; lastKnownFileType = sourcecode.swift; path = PlateFigures.swift; sourceTree = "<group>"; };
		2837CAF42ACF84B7B70646F4 /* GameLineFormatTests.swift */ = {isa = PBXFileReference; lastKnownFileType = sourcecode.swift; path = GameLineFormatTests.swift; sourceTree = "<group>"; };
		285036A4851BB767A8890951 /* simulation-core */ = {isa = PBXFileReference; lastKnownFileType = folder; name = "simulation-core"; path = "../../packages/simulation-core"; sourceTree = SOURCE_ROOT; };
		2877223067C00DD6FDC0B1C7 /* ProSeasonDecisionTests.swift */ = {isa = PBXFileReference; lastKnownFileType = sourcecode.swift; path = ProSeasonDecisionTests.swift; sourceTree = "<group>"; };
		2BAD21AD8917D769883E60B7 /* LifeArchiveView.swift */ = {isa = PBXFileReference; lastKnownFileType = sourcecode.swift; path = LifeArchiveView.swift; sourceTree = "<group>"; };
		2DF6E7A55BE0B0DB5D70E46A /* AchievementStore.swift */ = {isa = PBXFileReference; lastKnownFileType = sourcecode.swift; path = AchievementStore.swift; sourceTree = "<group>"; };
		2E520447AA0844B41D0C8F96 /* Achievements.swift */ = {isa = PBXFileReference; lastKnownFileType = sourcecode.swift; path = Achievements.swift; sourceTree = "<group>"; };
		2EA74DD86E9DE3EEACA98A97 /* BaseballApp.swift */ = {isa = PBXFileReference; lastKnownFileType = sourcecode.swift; path = BaseballApp.swift; sourceTree = "<group>"; };
		30658D1383A8EC0D3BF0BA21 /* BaseballIOSUITests.xctest */ = {isa = PBXFileReference; includeInIndex = 0; lastKnownFileType = wrapper.cfbundle; path = BaseballIOSUITests.xctest; sourceTree = BUILT_PRODUCTS_DIR; };
		3543EFDD40B925E03F19E129 /* GameCenterBoardView.swift */ = {isa = PBXFileReference; lastKnownFileType = sourcecode.swift; path = GameCenterBoardView.swift; sourceTree = "<group>"; };
		356AC8C39D52A759CC575D92 /* AppShell.swift */ = {isa = PBXFileReference; lastKnownFileType = sourcecode.swift; path = AppShell.swift; sourceTree = "<group>"; };
		3A54A4DEE8905DFE6B127C47 /* ReviewPrompt.swift */ = {isa = PBXFileReference; lastKnownFileType = sourcecode.swift; path = ReviewPrompt.swift; sourceTree = "<group>"; };
		3B045C1EBD79FC9F35FAFE40 /* GameAudioCueMapping.swift */ = {isa = PBXFileReference; lastKnownFileType = sourcecode.swift; path = GameAudioCueMapping.swift; sourceTree = "<group>"; };
		3B4D291F1E68F84823F3AD13 /* RivalAdaptationSessionTests.swift */ = {isa = PBXFileReference; lastKnownFileType = sourcecode.swift; path = RivalAdaptationSessionTests.swift; sourceTree = "<group>"; };
		3D26B37B23B71DC22DBFBA27 /* CareerFlowView.swift */ = {isa = PBXFileReference; lastKnownFileType = sourcecode.swift; path = CareerFlowView.swift; sourceTree = "<group>"; };
		4098E0B38E32E1CCF6BC0549 /* DeliveryControl.swift */ = {isa = PBXFileReference; lastKnownFileType = sourcecode.swift; path = DeliveryControl.swift; sourceTree = "<group>"; };
		428C02967C4E89685CFBD9C4 /* UmpireVoiceTests.swift */ = {isa = PBXFileReference; lastKnownFileType = sourcecode.swift; path = UmpireVoiceTests.swift; sourceTree = "<group>"; };
		42E2D3BF1F0304129547F851 /* ShareCompletionTests.swift */ = {isa = PBXFileReference; lastKnownFileType = sourcecode.swift; path = ShareCompletionTests.swift; sourceTree = "<group>"; };
		44A2719CCDD3666B7FD20946 /* AvatarFaceTests.swift */ = {isa = PBXFileReference; lastKnownFileType = sourcecode.swift; path = AvatarFaceTests.swift; sourceTree = "<group>"; };
		47529F0C2EEE8176E1793545 /* RetentionHookTests.swift */ = {isa = PBXFileReference; lastKnownFileType = sourcecode.swift; path = RetentionHookTests.swift; sourceTree = "<group>"; };
		4861165CB7B3EEF6CEE654D5 /* WeeklyProgramView.swift */ = {isa = PBXFileReference; lastKnownFileType = sourcecode.swift; path = WeeklyProgramView.swift; sourceTree = "<group>"; };
		4B08F1209CBA0DDEF9A93A9A /* HighSchoolPresentation.swift */ = {isa = PBXFileReference; lastKnownFileType = sourcecode.swift; path = HighSchoolPresentation.swift; sourceTree = "<group>"; };
		4FE5AB15BAE31989A7FC4AED /* RealPlayDraftRateTests.swift */ = {isa = PBXFileReference; lastKnownFileType = sourcecode.swift; path = RealPlayDraftRateTests.swift; sourceTree = "<group>"; };
		507AAA46F44E878D919EA9F8 /* DailyStreak.swift */ = {isa = PBXFileReference; lastKnownFileType = sourcecode.swift; path = DailyStreak.swift; sourceTree = "<group>"; };
		598D8EDA6137AA0633E3390B /* PromoCaptureUITests.swift */ = {isa = PBXFileReference; lastKnownFileType = sourcecode.swift; path = PromoCaptureUITests.swift; sourceTree = "<group>"; };
		5A43585B38B15CFA1150CE37 /* PresentationTests.swift */ = {isa = PBXFileReference; lastKnownFileType = sourcecode.swift; path = PresentationTests.swift; sourceTree = "<group>"; };
		5BBDABD94C6B60B2F9C2AFAB /* PitchSituationTests.swift */ = {isa = PBXFileReference; lastKnownFileType = sourcecode.swift; path = PitchSituationTests.swift; sourceTree = "<group>"; };
		5C36ED43C051643AA3CFD946 /* PromoAudioExportTests.swift */ = {isa = PBXFileReference; lastKnownFileType = sourcecode.swift; path = PromoAudioExportTests.swift; sourceTree = "<group>"; };
		5F3552DE680E36021D69234E /* PitchScenario.swift */ = {isa = PBXFileReference; lastKnownFileType = sourcecode.swift; path = PitchScenario.swift; sourceTree = "<group>"; };
		61AB79BC705EDF00B2936C42 /* LeagueView.swift */ = {isa = PBXFileReference; lastKnownFileType = sourcecode.swift; path = LeagueView.swift; sourceTree = "<group>"; };
		6987D517241132311CC896B0 /* PitchSession.swift */ = {isa = PBXFileReference; lastKnownFileType = sourcecode.swift; path = PitchSession.swift; sourceTree = "<group>"; };
		75533AB861B98CEA53BE960B /* RetentionTests.swift */ = {isa = PBXFileReference; lastKnownFileType = sourcecode.swift; path = RetentionTests.swift; sourceTree = "<group>"; };
		77876A24C70FB76B972B1BFB /* AvatarFace.swift */ = {isa = PBXFileReference; lastKnownFileType = sourcecode.swift; path = AvatarFace.swift; sourceTree = "<group>"; };
		79173A1105F3877F88315737 /* CareerSmokeUITests.swift */ = {isa = PBXFileReference; lastKnownFileType = sourcecode.swift; path = CareerSmokeUITests.swift; sourceTree = "<group>"; };
		7A1D59E198E4D5D56F06F17C /* PitchDramaView.swift */ = {isa = PBXFileReference; lastKnownFileType = sourcecode.swift; path = PitchDramaView.swift; sourceTree = "<group>"; };
		88829ECACC67B2EBCDBC9538 /* Assets.xcassets */ = {isa = PBXFileReference; lastKnownFileType = folder.assetcatalog; path = Assets.xcassets; sourceTree = "<group>"; };
		8914567CCE3DC83C86EC8133 /* CareerBootstrapTests.swift */ = {isa = PBXFileReference; lastKnownFileType = sourcecode.swift; path = CareerBootstrapTests.swift; sourceTree = "<group>"; };
		8B412E9D5634221ADBA8ED35 /* GameAudio.swift */ = {isa = PBXFileReference; lastKnownFileType = sourcecode.swift; path = GameAudio.swift; sourceTree = "<group>"; };
		8C9444147D2AD6F238142F71 /* PrivacyInfo.xcprivacy */ = {isa = PBXFileReference; path = PrivacyInfo.xcprivacy; sourceTree = "<group>"; };
		8E23359F31C38210219302E4 /* PlayerBondStory.swift */ = {isa = PBXFileReference; lastKnownFileType = sourcecode.swift; path = PlayerBondStory.swift; sourceTree = "<group>"; };
		902334DCFD6C688F66710F0E /* DeliveryControlTests.swift */ = {isa = PBXFileReference; lastKnownFileType = sourcecode.swift; path = DeliveryControlTests.swift; sourceTree = "<group>"; };
		907AEA8BF7BCC3156FC0CCA1 /* TrajectorySample.swift */ = {isa = PBXFileReference; lastKnownFileType = sourcecode.swift; path = TrajectorySample.swift; sourceTree = "<group>"; };
		95282FF06EE465F155ADEDBE /* BaseballIOSTests.xctest */ = {isa = PBXFileReference; includeInIndex = 0; lastKnownFileType = wrapper.cfbundle; path = BaseballIOSTests.xctest; sourceTree = BUILT_PRODUCTS_DIR; };
		9A1FF7372CAEE9C5547CF458 /* AchievementsView.swift */ = {isa = PBXFileReference; lastKnownFileType = sourcecode.swift; path = AchievementsView.swift; sourceTree = "<group>"; };
		9CD9548761DD9A3D82C5232D /* ExceptionCatcher.h */ = {isa = PBXFileReference; lastKnownFileType = sourcecode.c.h; path = ExceptionCatcher.h; sourceTree = "<group>"; };
		9FEDE48CB311BF7D78C80673 /* WeeklyProgramStore.swift */ = {isa = PBXFileReference; lastKnownFileType = sourcecode.swift; path = WeeklyProgramStore.swift; sourceTree = "<group>"; };
		A0414F684F40EFF55736026F /* Haptics.swift */ = {isa = PBXFileReference; lastKnownFileType = sourcecode.swift; path = Haptics.swift; sourceTree = "<group>"; };
		A1E5BEEF8257DEF8C5539EFF /* ShareSheet.swift */ = {isa = PBXFileReference; lastKnownFileType = sourcecode.swift; path = ShareSheet.swift; sourceTree = "<group>"; };
		A9296BF31EB5EB1D0787EA77 /* WeeklyProgram.swift */ = {isa = PBXFileReference; lastKnownFileType = sourcecode.swift; path = WeeklyProgram.swift; sourceTree = "<group>"; };
		AB871919CDBE86B35708EEBF /* HighSchoolCareerView.swift */ = {isa = PBXFileReference; lastKnownFileType = sourcecode.swift; path = HighSchoolCareerView.swift; sourceTree = "<group>"; };
		B19519846B2DF9369A5DA8FC /* SettingsView.swift */ = {isa = PBXFileReference; lastKnownFileType = sourcecode.swift; path = SettingsView.swift; sourceTree = "<group>"; };
		B1C8F87051DCDE81B44A819D /* RunRecapView.swift */ = {isa = PBXFileReference; lastKnownFileType = sourcecode.swift; path = RunRecapView.swift; sourceTree = "<group>"; };
		B344405949FBBB38FD06B6EC /* CareerWindIntegrationTests.swift */ = {isa = PBXFileReference; lastKnownFileType = sourcecode.swift; path = CareerWindIntegrationTests.swift; sourceTree = "<group>"; };
		B6D779C208B26C99AC08FD12 /* DailyInningView.swift */ = {isa = PBXFileReference; lastKnownFileType = sourcecode.swift; path = DailyInningView.swift; sourceTree = "<group>"; };
		B6DDF52C7FC66A5A36C50638 /* QACaptureUITests.swift */ = {isa = PBXFileReference; lastKnownFileType = sourcecode.swift; path = QACaptureUITests.swift; sourceTree = "<group>"; };
		B6FD9FC4DABDF4993821FE27 /* BaseballIOS.entitlements */ = {isa = PBXFileReference; lastKnownFileType = text.plist.entitlements; path = BaseballIOS.entitlements; sourceTree = "<group>"; };
		B953034940DAA27530E1A82D /* WeeklyProgramTests.swift */ = {isa = PBXFileReference; lastKnownFileType = sourcecode.swift; path = WeeklyProgramTests.swift; sourceTree = "<group>"; };
		BBE3704F64563F164CBC134B /* ExceptionCatcher.m */ = {isa = PBXFileReference; lastKnownFileType = sourcecode.c.objc; path = ExceptionCatcher.m; sourceTree = "<group>"; };
		BFE0F40C01B6D49B74C3C25A /* HighSchoolCareerStore.swift */ = {isa = PBXFileReference; lastKnownFileType = sourcecode.swift; path = HighSchoolCareerStore.swift; sourceTree = "<group>"; };
		C2B3535CB3FE59963B819C22 /* LifeCardShareImageTests.swift */ = {isa = PBXFileReference; lastKnownFileType = sourcecode.swift; path = LifeCardShareImageTests.swift; sourceTree = "<group>"; };
		C5042CCB3A22057F66C30688 /* SaveSync.swift */ = {isa = PBXFileReference; lastKnownFileType = sourcecode.swift; path = SaveSync.swift; sourceTree = "<group>"; };
		C5E7C5D3EDD999E1D165E7E9 /* StatusBarScrimUITests.swift */ = {isa = PBXFileReference; lastKnownFileType = sourcecode.swift; path = StatusBarScrimUITests.swift; sourceTree = "<group>"; };
		C84D0F09EB96CC29A52B238F /* PitchSessionTests.swift */ = {isa = PBXFileReference; lastKnownFileType = sourcecode.swift; path = PitchSessionTests.swift; sourceTree = "<group>"; };
		C95C0C193AE57D564D00ED12 /* RecordView.swift */ = {isa = PBXFileReference; lastKnownFileType = sourcecode.swift; path = RecordView.swift; sourceTree = "<group>"; };
		CAD4A6060A2CDCE715AC68FA /* SoundBankTests.swift */ = {isa = PBXFileReference; lastKnownFileType = sourcecode.swift; path = SoundBankTests.swift; sourceTree = "<group>"; };
		CAE818C69560F1A67590ECA0 /* BaseballIOS-Bridging-Header.h */ = {isa = PBXFileReference; lastKnownFileType = sourcecode.c.h; path = "BaseballIOS-Bridging-Header.h"; sourceTree = "<group>"; };
		CD3E88E4A7B3086BC982C1FF /* MobileCareerStore.swift */ = {isa = PBXFileReference; lastKnownFileType = sourcecode.swift; path = MobileCareerStore.swift; sourceTree = "<group>"; };
		CDD8B42501E979FDCAA6CA15 /* PitchDramaRenderTests.swift */ = {isa = PBXFileReference; lastKnownFileType = sourcecode.swift; path = PitchDramaRenderTests.swift; sourceTree = "<group>"; };
		D56DF85AD3C0B33592326F37 /* CareerBootstrap.swift */ = {isa = PBXFileReference; lastKnownFileType = sourcecode.swift; path = CareerBootstrap.swift; sourceTree = "<group>"; };
		D6400E3C7B6732A0F7E8EE94 /* GameLineFormat.swift */ = {isa = PBXFileReference; lastKnownFileType = sourcecode.swift; path = GameLineFormat.swift; sourceTree = "<group>"; };
		D8B4D62570AB6AC467EA4EF7 /* RunPledge.swift */ = {isa = PBXFileReference; lastKnownFileType = sourcecode.swift; path = RunPledge.swift; sourceTree = "<group>"; };
		DEB11CD9FB866181225768DD /* CareerSetupView.swift */ = {isa = PBXFileReference; lastKnownFileType = sourcecode.swift; path = CareerSetupView.swift; sourceTree = "<group>"; };
		DF108344BFAED17D556F40B5 /* ReviewPromptTests.swift */ = {isa = PBXFileReference; lastKnownFileType = sourcecode.swift; path = ReviewPromptTests.swift; sourceTree = "<group>"; };
		E031636B6C1641AD3364D737 /* Info.plist */ = {isa = PBXFileReference; lastKnownFileType = text.plist; path = Info.plist; sourceTree = "<group>"; };
		E1DD00A7AD350A34AD82027A /* HighSchoolSetupView.swift */ = {isa = PBXFileReference; lastKnownFileType = sourcecode.swift; path = HighSchoolSetupView.swift; sourceTree = "<group>"; };
		E42DDAB867B43BEE748D08DB /* GrowthCelebrationView.swift */ = {isa = PBXFileReference; lastKnownFileType = sourcecode.swift; path = GrowthCelebrationView.swift; sourceTree = "<group>"; };
		E4F62B28391A7D32EB6880E3 /* AnalyticsContextTests.swift */ = {isa = PBXFileReference; lastKnownFileType = sourcecode.swift; path = AnalyticsContextTests.swift; sourceTree = "<group>"; };
		E9DF09E1A64F67EAE776D832 /* BaseballIOS.app */ = {isa = PBXFileReference; includeInIndex = 0; lastKnownFileType = wrapper.application; path = BaseballIOS.app; sourceTree = BUILT_PRODUCTS_DIR; };
		EC349CC26A5D3281BE20CAE6 /* GameAnalytics.swift */ = {isa = PBXFileReference; lastKnownFileType = sourcecode.swift; path = GameAnalytics.swift; sourceTree = "<group>"; };
		F04F595F5689A6F2DE5FFF89 /* PlayerBondStoryTests.swift */ = {isa = PBXFileReference; lastKnownFileType = sourcecode.swift; path = PlayerBondStoryTests.swift; sourceTree = "<group>"; };
		F060404E63A14ED602332946 /* AbilityGaugeView.swift */ = {isa = PBXFileReference; lastKnownFileType = sourcecode.swift; path = AbilityGaugeView.swift; sourceTree = "<group>"; };
		F3FA3A8BA815F3B87537D27F /* ProRivalBatter+Stats.swift */ = {isa = PBXFileReference; lastKnownFileType = sourcecode.swift; path = "ProRivalBatter+Stats.swift"; sourceTree = "<group>"; };
		F6526F986EB9E4B84BFD6792 /* Audio */ = {isa = PBXFileReference; lastKnownFileType = folder; path = Audio; sourceTree = SOURCE_ROOT; };
		F72E6C8CF9034C5EF75C8C51 /* PitchView.swift */ = {isa = PBXFileReference; lastKnownFileType = sourcecode.swift; path = PitchView.swift; sourceTree = "<group>"; };
		F78149DDA8DDF2C728669E79 /* ClimaxViews.swift */ = {isa = PBXFileReference; lastKnownFileType = sourcecode.swift; path = ClimaxViews.swift; sourceTree = "<group>"; };
		F94A4FC0E937518324E7DD23 /* OpeningView.swift */ = {isa = PBXFileReference; lastKnownFileType = sourcecode.swift; path = OpeningView.swift; sourceTree = "<group>"; };
/* End PBXFileReference section */

/* Begin PBXFrameworksBuildPhase section */
		30B5FC970DB4B4C534D03CCB /* Frameworks */ = {
			isa = PBXFrameworksBuildPhase;
			buildActionMask = 2147483647;
			files = (
				EA2EEF918C11D0DAD02C2112 /* SimulationCore in Frameworks */,
			);
			runOnlyForDeploymentPostprocessing = 0;
		};
		ECE8DFFCFA700B1FB2D97575 /* Frameworks */ = {
			isa = PBXFrameworksBuildPhase;
			buildActionMask = 2147483647;
			files = (
				D461F48E6FD8C03B8697AAA5 /* SimulationCore in Frameworks */,
				0BA1F21987CA928F926B930B /* FirebaseAnalytics in Frameworks */,
				FC546DF5752543E0E78A5A09 /* AmplitudeSwift in Frameworks */,
			);
			runOnlyForDeploymentPostprocessing = 0;
		};
/* End PBXFrameworksBuildPhase section */

/* Begin PBXGroup section */
		14D88A6702EE87A15D531A78 /* UITests */ = {
			isa = PBXGroup;
			children = (
				79173A1105F3877F88315737 /* CareerSmokeUITests.swift */,
				598D8EDA6137AA0633E3390B /* PromoCaptureUITests.swift */,
				B6DDF52C7FC66A5A36C50638 /* QACaptureUITests.swift */,
				C5E7C5D3EDD999E1D165E7E9 /* StatusBarScrimUITests.swift */,
			);
			path = UITests;
			sourceTree = "<group>";
		};
		809F6CD070CFBBA16DF54098 /* Packages */ = {
			isa = PBXGroup;
			children = (
				285036A4851BB767A8890951 /* simulation-core */,
			);
			name = Packages;
			sourceTree = "<group>";
		};
		84C7B2D1DD60CB971AEAD148 /* Sources */ = {
			isa = PBXGroup;
			children = (
				F060404E63A14ED602332946 /* AbilityGaugeView.swift */,
				2E520447AA0844B41D0C8F96 /* Achievements.swift */,
				2DF6E7A55BE0B0DB5D70E46A /* AchievementStore.swift */,
				9A1FF7372CAEE9C5547CF458 /* AchievementsView.swift */,
				356AC8C39D52A759CC575D92 /* AppShell.swift */,
				88829ECACC67B2EBCDBC9538 /* Assets.xcassets */,
				77876A24C70FB76B972B1BFB /* AvatarFace.swift */,
				2EA74DD86E9DE3EEACA98A97 /* BaseballApp.swift */,
				CAE818C69560F1A67590ECA0 /* BaseballIOS-Bridging-Header.h */,
				B6FD9FC4DABDF4993821FE27 /* BaseballIOS.entitlements */,
				D56DF85AD3C0B33592326F37 /* CareerBootstrap.swift */,
				3D26B37B23B71DC22DBFBA27 /* CareerFlowView.swift */,
				DEB11CD9FB866181225768DD /* CareerSetupView.swift */,
				F78149DDA8DDF2C728669E79 /* ClimaxViews.swift */,
				B6D779C208B26C99AC08FD12 /* DailyInningView.swift */,
				0ED6EC4ADACBF4490B605B09 /* DailyReminder.swift */,
				507AAA46F44E878D919EA9F8 /* DailyStreak.swift */,
				4098E0B38E32E1CCF6BC0549 /* DeliveryControl.swift */,
				0AFB40C23D4863D2F7565C54 /* DesignSystem.swift */,
				9CD9548761DD9A3D82C5232D /* ExceptionCatcher.h */,
				BBE3704F64563F164CBC134B /* ExceptionCatcher.m */,
				EC349CC26A5D3281BE20CAE6 /* GameAnalytics.swift */,
				8B412E9D5634221ADBA8ED35 /* GameAudio.swift */,
				3B045C1EBD79FC9F35FAFE40 /* GameAudioCueMapping.swift */,
				3543EFDD40B925E03F19E129 /* GameCenterBoardView.swift */,
				D6400E3C7B6732A0F7E8EE94 /* GameLineFormat.swift */,
				077E4203F2191CBF2178BCCE /* GoogleService-Info.plist */,
				E42DDAB867B43BEE748D08DB /* GrowthCelebrationView.swift */,
				A0414F684F40EFF55736026F /* Haptics.swift */,
				BFE0F40C01B6D49B74C3C25A /* HighSchoolCareerStore.swift */,
				AB871919CDBE86B35708EEBF /* HighSchoolCareerView.swift */,
				4B08F1209CBA0DDEF9A93A9A /* HighSchoolPresentation.swift */,
				E1DD00A7AD350A34AD82027A /* HighSchoolSetupView.swift */,
				E031636B6C1641AD3364D737 /* Info.plist */,
				61AB79BC705EDF00B2936C42 /* LeagueView.swift */,
				2BAD21AD8917D769883E60B7 /* LifeArchiveView.swift */,
				0F62F6768821513F9AA61316 /* LifeCardView.swift */,
				CD3E88E4A7B3086BC982C1FF /* MobileCareerStore.swift */,
				F94A4FC0E937518324E7DD23 /* OpeningView.swift */,
				7A1D59E198E4D5D56F06F17C /* PitchDramaView.swift */,
				5F3552DE680E36021D69234E /* PitchScenario.swift */,
				6987D517241132311CC896B0 /* PitchSession.swift */,
				F72E6C8CF9034C5EF75C8C51 /* PitchView.swift */,
				27956A4973C78EE16192061C /* PlateFigures.swift */,
				8E23359F31C38210219302E4 /* PlayerBondStory.swift */,
				8C9444147D2AD6F238142F71 /* PrivacyInfo.xcprivacy */,
				F3FA3A8BA815F3B87537D27F /* ProRivalBatter+Stats.swift */,
				C95C0C193AE57D564D00ED12 /* RecordView.swift */,
				3A54A4DEE8905DFE6B127C47 /* ReviewPrompt.swift */,
				D8B4D62570AB6AC467EA4EF7 /* RunPledge.swift */,
				B1C8F87051DCDE81B44A819D /* RunRecapView.swift */,
				C5042CCB3A22057F66C30688 /* SaveSync.swift */,
				B19519846B2DF9369A5DA8FC /* SettingsView.swift */,
				A1E5BEEF8257DEF8C5539EFF /* ShareSheet.swift */,
				1F71BD5BC715F678CF9E14C5 /* SoundBank.swift */,
				907AEA8BF7BCC3156FC0CCA1 /* TrajectorySample.swift */,
				A9296BF31EB5EB1D0787EA77 /* WeeklyProgram.swift */,
				9FEDE48CB311BF7D78C80673 /* WeeklyProgramStore.swift */,
				4861165CB7B3EEF6CEE654D5 /* WeeklyProgramView.swift */,
			);
			path = Sources;
			sourceTree = "<group>";
		};
		84E17BFBAF556BE69BE6D0ED /* Products */ = {
			isa = PBXGroup;
			children = (
				E9DF09E1A64F67EAE776D832 /* BaseballIOS.app */,
				95282FF06EE465F155ADEDBE /* BaseballIOSTests.xctest */,
				30658D1383A8EC0D3BF0BA21 /* BaseballIOSUITests.xctest */,
			);
			name = Products;
			sourceTree = "<group>";
		};
		B8B39C95E1D902769D81F510 = {
			isa = PBXGroup;
			children = (
				F6526F986EB9E4B84BFD6792 /* Audio */,
				809F6CD070CFBBA16DF54098 /* Packages */,
				84C7B2D1DD60CB971AEAD148 /* Sources */,
				ED6F75DE7FADB777F495C646 /* Tests */,
				14D88A6702EE87A15D531A78 /* UITests */,
				84E17BFBAF556BE69BE6D0ED /* Products */,
			);
			sourceTree = "<group>";
		};
		ED6F75DE7FADB777F495C646 /* Tests */ = {
			isa = PBXGroup;
			children = (
				E4F62B28391A7D32EB6880E3 /* AnalyticsContextTests.swift */,
				44A2719CCDD3666B7FD20946 /* AvatarFaceTests.swift */,
				8914567CCE3DC83C86EC8133 /* CareerBootstrapTests.swift */,
				0B07031984E281C6A1E29EDA /* CareerPacingTests.swift */,
				B344405949FBBB38FD06B6EC /* CareerWindIntegrationTests.swift */,
				902334DCFD6C688F66710F0E /* DeliveryControlTests.swift */,
				2837CAF42ACF84B7B70646F4 /* GameLineFormatTests.swift */,
				C2B3535CB3FE59963B819C22 /* LifeCardShareImageTests.swift */,
				1F8835399622943256243E1B /* PadBedTests.swift */,
				CDD8B42501E979FDCAA6CA15 /* PitchDramaRenderTests.swift */,
				C84D0F09EB96CC29A52B238F /* PitchSessionTests.swift */,
				5BBDABD94C6B60B2F9C2AFAB /* PitchSituationTests.swift */,
				F04F595F5689A6F2DE5FFF89 /* PlayerBondStoryTests.swift */,
				5A43585B38B15CFA1150CE37 /* PresentationTests.swift */,
				5C36ED43C051643AA3CFD946 /* PromoAudioExportTests.swift */,
				0920357104804755EEFF843D /* PromoFrameExportTests.swift */,
				2877223067C00DD6FDC0B1C7 /* ProSeasonDecisionTests.swift */,
				4FE5AB15BAE31989A7FC4AED /* RealPlayDraftRateTests.swift */,
				47529F0C2EEE8176E1793545 /* RetentionHookTests.swift */,
				75533AB861B98CEA53BE960B /* RetentionTests.swift */,
				DF108344BFAED17D556F40B5 /* ReviewPromptTests.swift */,
				3B4D291F1E68F84823F3AD13 /* RivalAdaptationSessionTests.swift */,
				146CB8283D0AEFCE220F27FE /* RunPledgeTests.swift */,
				42E2D3BF1F0304129547F851 /* ShareCompletionTests.swift */,
				11CAA2009FC09F663C6DDDDF /* SignatureLegacyIntegrationTests.swift */,
				CAD4A6060A2CDCE715AC68FA /* SoundBankTests.swift */,
				428C02967C4E89685CFBD9C4 /* UmpireVoiceTests.swift */,
				B953034940DAA27530E1A82D /* WeeklyProgramTests.swift */,
			);
			path = Tests;
			sourceTree = "<group>";
		};
/* End PBXGroup section */

/* Begin PBXNativeTarget section */
		0A4405C5B92D02164EEFC31A /* BaseballIOSTests */ = {
			isa = PBXNativeTarget;
			buildConfigurationList = 9CD84D33351B9F46FCB332A7 /* Build configuration list for PBXNativeTarget "BaseballIOSTests" */;
			buildPhases = (
				36D186A9AC1F5218040DDF5B /* Sources */,
				30B5FC970DB4B4C534D03CCB /* Frameworks */,
			);
			buildRules = (
			);
			dependencies = (
				47BFEB456C5D88839B714D42 /* PBXTargetDependency */,
			);
			name = BaseballIOSTests;
			packageProductDependencies = (
				038EBE72085665C46B77DF02 /* SimulationCore */,
			);
			productName = BaseballIOSTests;
			productReference = 95282FF06EE465F155ADEDBE /* BaseballIOSTests.xctest */;
			productType = "com.apple.product-type.bundle.unit-test";
		};
		4A67AB13230E48C439F5AAC9 /* BaseballIOSUITests */ = {
			isa = PBXNativeTarget;
			buildConfigurationList = 2E8D60918B71CC7B52EECEFF /* Build configuration list for PBXNativeTarget "BaseballIOSUITests" */;
			buildPhases = (
				B5C113BE74901FB633445010 /* Sources */,
			);
			buildRules = (
			);
			dependencies = (
				DCE4E09D2CC58D7E14703429 /* PBXTargetDependency */,
			);
			name = BaseballIOSUITests;
			packageProductDependencies = (
			);
			productName = BaseballIOSUITests;
			productReference = 30658D1383A8EC0D3BF0BA21 /* BaseballIOSUITests.xctest */;
			productType = "com.apple.product-type.bundle.ui-testing";
		};
		A6AE4AA6C49C272B1AAC1C9E /* BaseballIOS */ = {
			isa = PBXNativeTarget;
			buildConfigurationList = F0D5EF489AC58AE611FD4696 /* Build configuration list for PBXNativeTarget "BaseballIOS" */;
			buildPhases = (
				7E9D1C43046248341AEF24EB /* Sources */,
				F44545047CE54335B85D7C94 /* Resources */,
				ECE8DFFCFA700B1FB2D97575 /* Frameworks */,
			);
			buildRules = (
			);
			dependencies = (
			);
			name = BaseballIOS;
			packageProductDependencies = (
				17CAB6B06F634AF92AC437D2 /* SimulationCore */,
				5EB7D7DD80808D2ADC11E76C /* FirebaseAnalytics */,
				596CFC81225CCDFCB6BFC130 /* AmplitudeSwift */,
			);
			productName = BaseballIOS;
			productReference = E9DF09E1A64F67EAE776D832 /* BaseballIOS.app */;
			productType = "com.apple.product-type.application";
		};
/* End PBXNativeTarget section */

/* Begin PBXProject section */
		0E17C2BC6CF84F4B1E407270 /* Project object */ = {
			isa = PBXProject;
			attributes = {
				BuildIndependentTargetsInParallel = YES;
				LastUpgradeCheck = 1430;
				TargetAttributes = {
					4A67AB13230E48C439F5AAC9 = {
						TestTargetID = A6AE4AA6C49C272B1AAC1C9E;
					};
					A6AE4AA6C49C272B1AAC1C9E = {
						DevelopmentTeam = D48DDX5D5W;
						ProvisioningStyle = Automatic;
					};
				};
			};
			buildConfigurationList = 45BB05BC1D4755C860A32F98 /* Build configuration list for PBXProject "Baseball" */;
			developmentRegion = en;
			hasScannedForEncodings = 0;
			knownRegions = (
				Base,
				en,
			);
			mainGroup = B8B39C95E1D902769D81F510;
			minimizedProjectReferenceProxies = 1;
			packageReferences = (
				84749EF984996930AFA19C2B /* XCRemoteSwiftPackageReference "Amplitude-Swift" */,
				B73EE58B1A58466DF23615EA /* XCRemoteSwiftPackageReference "firebase-ios-sdk" */,
				94622FAF6111F98B04F64A13 /* XCLocalSwiftPackageReference "../../packages/simulation-core" */,
			);
			preferredProjectObjectVersion = 77;
			productRefGroup = 84E17BFBAF556BE69BE6D0ED /* Products */;
			projectDirPath = "";
			projectRoot = "";
			targets = (
				A6AE4AA6C49C272B1AAC1C9E /* BaseballIOS */,
				0A4405C5B92D02164EEFC31A /* BaseballIOSTests */,
				4A67AB13230E48C439F5AAC9 /* BaseballIOSUITests */,
			);
		};
/* End PBXProject section */

/* Begin PBXResourcesBuildPhase section */
		F44545047CE54335B85D7C94 /* Resources */ = {
			isa = PBXResourcesBuildPhase;
			buildActionMask = 2147483647;
			files = (
				A7A1E4BCB6F2294E361B74CD /* Assets.xcassets in Resources */,
				B235CA178BDA7E4B371B1F37 /* Audio in Resources */,
				0AEB3543D58F52B829F69F2D /* GoogleService-Info.plist in Resources */,
				2002DF8C14E6ACE3382A1C57 /* PrivacyInfo.xcprivacy in Resources */,
			);
			runOnlyForDeploymentPostprocessing = 0;
		};
/* End PBXResourcesBuildPhase section */

/* Begin PBXSourcesBuildPhase section */
		36D186A9AC1F5218040DDF5B /* Sources */ = {
			isa = PBXSourcesBuildPhase;
			buildActionMask = 2147483647;
			files = (
				6AF39BC5F556514B4E65261D /* AnalyticsContextTests.swift in Sources */,
				C29511996618BCC2A9EC95F7 /* AvatarFaceTests.swift in Sources */,
				0536C6C57B7D39C5CC96C3D8 /* CareerBootstrapTests.swift in Sources */,
				D3079C5E27CB2BEDC3EABCEE /* CareerPacingTests.swift in Sources */,
				0FA9962AE598131FB9B014B9 /* CareerWindIntegrationTests.swift in Sources */,
				539AC44A52E0B08CD1390416 /* DeliveryControlTests.swift in Sources */,
				59B324B22D4C3D696852895B /* GameLineFormatTests.swift in Sources */,
				303543BA51462FBEB3D5EF25 /* LifeCardShareImageTests.swift in Sources */,
				FE98ACA8EA08D75154851B13 /* PadBedTests.swift in Sources */,
				51EE16EEC71636184030A76D /* PitchDramaRenderTests.swift in Sources */,
				B534AF17C3954F02B54B3161 /* PitchSessionTests.swift in Sources */,
				EA000F1A5409E075349B7FBB /* PitchSituationTests.swift in Sources */,
				DA6459F9A55E40D88179CB42 /* PlayerBondStoryTests.swift in Sources */,
				5FEAD267314385E75FE60A57 /* PresentationTests.swift in Sources */,
				0A5CBC71EFB7F6C73897A9D9 /* ProSeasonDecisionTests.swift in Sources */,
				4A405A3D88D5A5E379B2C411 /* PromoAudioExportTests.swift in Sources */,
				F4A9E1973C7F28B581107BAA /* PromoFrameExportTests.swift in Sources */,
				2638F050E949FE5910943B1E /* RealPlayDraftRateTests.swift in Sources */,
				4EDA06DB931392AA67B38BC7 /* RetentionHookTests.swift in Sources */,
				3379C95CA8A90F2403DF846D /* RetentionTests.swift in Sources */,
				284D9934BBEF9B22F77E147A /* ReviewPromptTests.swift in Sources */,
				9D4EF036DCF8995AAD5F1ED9 /* RivalAdaptationSessionTests.swift in Sources */,
				D0F32E1131A17F3BEF4431A7 /* RunPledgeTests.swift in Sources */,
				82580BD7836B80FCB2192667 /* ShareCompletionTests.swift in Sources */,
				01542D11AADCB196F67EE78C /* SignatureLegacyIntegrationTests.swift in Sources */,
				A6EE8A5F5E6BBF61B55F2378 /* SoundBankTests.swift in Sources */,
				87D08E2396235CB38A0946CF /* UmpireVoiceTests.swift in Sources */,
				397BFB3AFE8D991E150E2D8F /* WeeklyProgramTests.swift in Sources */,
			);
			runOnlyForDeploymentPostprocessing = 0;
		};
		7E9D1C43046248341AEF24EB /* Sources */ = {
			isa = PBXSourcesBuildPhase;
			buildActionMask = 2147483647;
			files = (
				B2563DD8BA0252148CCDCA7A /* AbilityGaugeView.swift in Sources */,
				200EF99598BFB8511E960E60 /* AchievementStore.swift in Sources */,
				D938E46F882A5F6954C0CD9D /* Achievements.swift in Sources */,
				C4DCFA950D310CE7A1593078 /* AchievementsView.swift in Sources */,
				F51A7AAC0D43BBCA3CB6D7AC /* AppShell.swift in Sources */,
				A4546BE3ADDBE84CF693B456 /* AvatarFace.swift in Sources */,
				13EA77018AE302361EDCB5D0 /* BaseballApp.swift in Sources */,
				5077858E4A40AC8E73811CA4 /* CareerBootstrap.swift in Sources */,
				98F47F2D21DE7C84E44394A0 /* CareerFlowView.swift in Sources */,
				910EAAC15C26A49FEDEC9847 /* CareerSetupView.swift in Sources */,
				E40F7D998E88BAC84C6D72C7 /* ClimaxViews.swift in Sources */,
				B1D2BF816D32C7FAD957AD3B /* DailyInningView.swift in Sources */,
				E9E130443E4854E436E3B4C5 /* DailyReminder.swift in Sources */,
				E4628D8047807E0676401679 /* DailyStreak.swift in Sources */,
				DD20655886A0B897AA32DC44 /* DeliveryControl.swift in Sources */,
				05793DCA31745B85E30FE7DC /* DesignSystem.swift in Sources */,
				1FFF80CE5E3E359F4EB4BE24 /* ExceptionCatcher.m in Sources */,
				0BEB448E80D1A7A1BED0B560 /* GameAnalytics.swift in Sources */,
				74CC5DD9D7ECD32F61707E5D /* GameAudio.swift in Sources */,
				081602F5FA74589497AF94AC /* GameAudioCueMapping.swift in Sources */,
				61A6CBB5D16E4133B3BB21C9 /* GameCenterBoardView.swift in Sources */,
				A8800D4D45BE21DE1315474E /* GameLineFormat.swift in Sources */,
				F5D020DF3A1B4E0A3C2DB41E /* GrowthCelebrationView.swift in Sources */,
				13C737FE1665F41707DAA29E /* Haptics.swift in Sources */,
				A0FAD88E95958BEC56B0DC78 /* HighSchoolCareerStore.swift in Sources */,
				81B9B8504D8A35973B155E63 /* HighSchoolCareerView.swift in Sources */,
				2105A4026AD256C1307FDCAA /* HighSchoolPresentation.swift in Sources */,
				4C8AE130870EA281BFD72F7D /* HighSchoolSetupView.swift in Sources */,
				25B3796058367C46EF5E2E18 /* LeagueView.swift in Sources */,
				FC2682FCBF2DAE8965DB929F /* LifeArchiveView.swift in Sources */,
				98E80C6A739205CFC4F69E02 /* LifeCardView.swift in Sources */,
				0E8B47740AB64ADAAD5B3CCF /* MobileCareerStore.swift in Sources */,
				D5AB687C52FABB539699F9D3 /* OpeningView.swift in Sources */,
				AC643EFE859422711140B702 /* PitchDramaView.swift in Sources */,
				3FA995542819DC5AC3209BE2 /* PitchScenario.swift in Sources */,
				F69C755A97EF78CD6CB80517 /* PitchSession.swift in Sources */,
				BBB25AB032932D614C965083 /* PitchView.swift in Sources */,
				D4163F33A8A48E9F2C47C021 /* PlateFigures.swift in Sources */,
				32DBC2A2CC67F17B4526ABBD /* PlayerBondStory.swift in Sources */,
				6A6106306E1AF28A5FCFE1FE /* ProRivalBatter+Stats.swift in Sources */,
				6407DCFE4D37D5E4AE6F19CF /* RecordView.swift in Sources */,
				65225C15E9DA899100BB52EC /* ReviewPrompt.swift in Sources */,
				971514F1BB15C37CAF1EBD58 /* RunPledge.swift in Sources */,
				7957C1C3814C592C7B49DDC6 /* RunRecapView.swift in Sources */,
				270DC80BF7541742C2D06518 /* SaveSync.swift in Sources */,
				77B6A10F10B42E5D0C183205 /* SettingsView.swift in Sources */,
				F18BDDDD2E2651D509AA8D52 /* ShareSheet.swift in Sources */,
				828A1169DEA7E2BA3CC7348B /* SoundBank.swift in Sources */,
				DF773278E6080C28533006FF /* TrajectorySample.swift in Sources */,
				F593FB8852525E55FBFF68F2 /* WeeklyProgram.swift in Sources */,
				D4BF25AADEA2766021428C57 /* WeeklyProgramStore.swift in Sources */,
				C4D1BA8CE7A97221450F8166 /* WeeklyProgramView.swift in Sources */,
			);
			runOnlyForDeploymentPostprocessing = 0;
		};
		B5C113BE74901FB633445010 /* Sources */ = {
			isa = PBXSourcesBuildPhase;
			buildActionMask = 2147483647;
			files = (
				E2F8C6DE5F19C9DB154A2F7F /* CareerSmokeUITests.swift in Sources */,
				2A7BA2CA98BAB566A4978470 /* PromoCaptureUITests.swift in Sources */,
				7ABAEA67E66023CCF56BCEDB /* QACaptureUITests.swift in Sources */,
				5A881EBED9613ED0FF34D616 /* StatusBarScrimUITests.swift in Sources */,
			);
			runOnlyForDeploymentPostprocessing = 0;
		};
/* End PBXSourcesBuildPhase section */

/* Begin PBXTargetDependency section */
		47BFEB456C5D88839B714D42 /* PBXTargetDependency */ = {
			isa = PBXTargetDependency;
			target = A6AE4AA6C49C272B1AAC1C9E /* BaseballIOS */;
			targetProxy = 866B87072E27C940E894067E /* PBXContainerItemProxy */;
		};
		DCE4E09D2CC58D7E14703429 /* PBXTargetDependency */ = {
			isa = PBXTargetDependency;
			target = A6AE4AA6C49C272B1AAC1C9E /* BaseballIOS */;
			targetProxy = D2CAA766E1292188D3A194EE /* PBXContainerItemProxy */;
		};
/* End PBXTargetDependency section */

/* Begin XCBuildConfiguration section */
		08B2D671B6D181FB1BFD8C97 /* Debug */ = {
			isa = XCBuildConfiguration;
			buildSettings = {
				BUNDLE_LOADER = "$(TEST_HOST)";
				GENERATE_INFOPLIST_FILE = YES;
				LD_RUNPATH_SEARCH_PATHS = (
					"$(inherited)",
					"@executable_path/Frameworks",
					"@loader_path/Frameworks",
				);
				PRODUCT_BUNDLE_IDENTIFIER = com.solkim.baseball.ios.tests;
				SDKROOT = iphoneos;
				SWIFT_VERSION = 6.0;
				TARGETED_DEVICE_FAMILY = "1,2";
				TEST_HOST = "$(BUILT_PRODUCTS_DIR)/BaseballIOS.app/BaseballIOS";
			};
			name = Debug;
		};
		0AA89270AA8F58F4BC6077D1 /* Debug */ = {
			isa = XCBuildConfiguration;
			buildSettings = {
				BUNDLE_LOADER = "$(TEST_HOST)";
				GENERATE_INFOPLIST_FILE = YES;
				LD_RUNPATH_SEARCH_PATHS = (
					"$(inherited)",
					"@executable_path/Frameworks",
					"@loader_path/Frameworks",
				);
				PRODUCT_BUNDLE_IDENTIFIER = com.solkim.baseball.ios.uitests;
				SDKROOT = iphoneos;
				SWIFT_VERSION = 6.0;
				TARGETED_DEVICE_FAMILY = "1,2";
				TEST_TARGET_NAME = BaseballIOS;
			};
			name = Debug;
		};
		2DE7AA60B0754DD91DC30B3C /* Release */ = {
			isa = XCBuildConfiguration;
			buildSettings = {
				ALWAYS_SEARCH_USER_PATHS = NO;
				CLANG_ANALYZER_NONNULL = YES;
				CLANG_ANALYZER_NUMBER_OBJECT_CONVERSION = YES_AGGRESSIVE;
				CLANG_CXX_LANGUAGE_STANDARD = "gnu++14";
				CLANG_CXX_LIBRARY = "libc++";
				CLANG_ENABLE_MODULES = YES;
				CLANG_ENABLE_OBJC_ARC = YES;
				CLANG_ENABLE_OBJC_WEAK = YES;
				CLANG_WARN_BLOCK_CAPTURE_AUTORELEASING = YES;
				CLANG_WARN_BOOL_CONVERSION = YES;
				CLANG_WARN_COMMA = YES;
				CLANG_WARN_CONSTANT_CONVERSION = YES;
				CLANG_WARN_DEPRECATED_OBJC_IMPLEMENTATIONS = YES;
				CLANG_WARN_DIRECT_OBJC_ISA_USAGE = YES_ERROR;
				CLANG_WARN_DOCUMENTATION_COMMENTS = YES;
				CLANG_WARN_EMPTY_BODY = YES;
				CLANG_WARN_ENUM_CONVERSION = YES;
				CLANG_WARN_INFINITE_RECURSION = YES;
				CLANG_WARN_INT_CONVERSION = YES;
				CLANG_WARN_NON_LITERAL_NULL_CONVERSION = YES;
				CLANG_WARN_OBJC_IMPLICIT_RETAIN_SELF = YES;
				CLANG_WARN_OBJC_LITERAL_CONVERSION = YES;
				CLANG_WARN_OBJC_ROOT_CLASS = YES_ERROR;
				CLANG_WARN_QUOTED_INCLUDE_IN_FRAMEWORK_HEADER = YES;
				CLANG_WARN_RANGE_LOOP_ANALYSIS = YES;
				CLANG_WARN_STRICT_PROTOTYPES = YES;
				CLANG_WARN_SUSPICIOUS_MOVE = YES;
				CLANG_WARN_UNGUARDED_AVAILABILITY = YES_AGGRESSIVE;
				CLANG_WARN_UNREACHABLE_CODE = YES;
				CLANG_WARN__DUPLICATE_METHOD_MATCH = YES;
				COPY_PHASE_STRIP = NO;
				DEBUG_INFORMATION_FORMAT = "dwarf-with-dsym";
				ENABLE_NS_ASSERTIONS = NO;
				ENABLE_STRICT_OBJC_MSGSEND = YES;
				GCC_C_LANGUAGE_STANDARD = gnu11;
				GCC_NO_COMMON_BLOCKS = YES;
				GCC_WARN_64_TO_32_BIT_CONVERSION = YES;
				GCC_WARN_ABOUT_RETURN_TYPE = YES_ERROR;
				GCC_WARN_UNDECLARED_SELECTOR = YES;
				GCC_WARN_UNINITIALIZED_AUTOS = YES_AGGRESSIVE;
				GCC_WARN_UNUSED_FUNCTION = YES;
				GCC_WARN_UNUSED_VARIABLE = YES;
				IPHONEOS_DEPLOYMENT_TARGET = 17.0;
				MTL_ENABLE_DEBUG_INFO = NO;
				MTL_FAST_MATH = YES;
				PRODUCT_NAME = "$(TARGET_NAME)";
				SDKROOT = iphoneos;
				SWIFT_COMPILATION_MODE = wholemodule;
				SWIFT_OPTIMIZATION_LEVEL = "-O";
				SWIFT_VERSION = 5.0;
			};
			name = Release;
		};
		355EC02F0AD251EA4FDCA78F /* Release */ = {
			isa = XCBuildConfiguration;
			buildSettings = {
				BUNDLE_LOADER = "$(TEST_HOST)";
				GENERATE_INFOPLIST_FILE = YES;
				LD_RUNPATH_SEARCH_PATHS = (
					"$(inherited)",
					"@executable_path/Frameworks",
					"@loader_path/Frameworks",
				);
				PRODUCT_BUNDLE_IDENTIFIER = com.solkim.baseball.ios.uitests;
				SDKROOT = iphoneos;
				SWIFT_VERSION = 6.0;
				TARGETED_DEVICE_FAMILY = "1,2";
				TEST_TARGET_NAME = BaseballIOS;
			};
			name = Release;
		};
		382A8E48A7C4D6D40C139BF0 /* Debug */ = {
			isa = XCBuildConfiguration;
			buildSettings = {
				ALWAYS_SEARCH_USER_PATHS = NO;
				CLANG_ANALYZER_NONNULL = YES;
				CLANG_ANALYZER_NUMBER_OBJECT_CONVERSION = YES_AGGRESSIVE;
				CLANG_CXX_LANGUAGE_STANDARD = "gnu++14";
				CLANG_CXX_LIBRARY = "libc++";
				CLANG_ENABLE_MODULES = YES;
				CLANG_ENABLE_OBJC_ARC = YES;
				CLANG_ENABLE_OBJC_WEAK = YES;
				CLANG_WARN_BLOCK_CAPTURE_AUTORELEASING = YES;
				CLANG_WARN_BOOL_CONVERSION = YES;
				CLANG_WARN_COMMA = YES;
				CLANG_WARN_CONSTANT_CONVERSION = YES;
				CLANG_WARN_DEPRECATED_OBJC_IMPLEMENTATIONS = YES;
				CLANG_WARN_DIRECT_OBJC_ISA_USAGE = YES_ERROR;
				CLANG_WARN_DOCUMENTATION_COMMENTS = YES;
				CLANG_WARN_EMPTY_BODY = YES;
				CLANG_WARN_ENUM_CONVERSION = YES;
				CLANG_WARN_INFINITE_RECURSION = YES;
				CLANG_WARN_INT_CONVERSION = YES;
				CLANG_WARN_NON_LITERAL_NULL_CONVERSION = YES;
				CLANG_WARN_OBJC_IMPLICIT_RETAIN_SELF = YES;
				CLANG_WARN_OBJC_LITERAL_CONVERSION = YES;
				CLANG_WARN_OBJC_ROOT_CLASS = YES_ERROR;
				CLANG_WARN_QUOTED_INCLUDE_IN_FRAMEWORK_HEADER = YES;
				CLANG_WARN_RANGE_LOOP_ANALYSIS = YES;
				CLANG_WARN_STRICT_PROTOTYPES = YES;
				CLANG_WARN_SUSPICIOUS_MOVE = YES;
				CLANG_WARN_UNGUARDED_AVAILABILITY = YES_AGGRESSIVE;
				CLANG_WARN_UNREACHABLE_CODE = YES;
				CLANG_WARN__DUPLICATE_METHOD_MATCH = YES;
				COPY_PHASE_STRIP = NO;
				DEBUG_INFORMATION_FORMAT = dwarf;
				ENABLE_STRICT_OBJC_MSGSEND = YES;
				ENABLE_TESTABILITY = YES;
				GCC_C_LANGUAGE_STANDARD = gnu11;
				GCC_DYNAMIC_NO_PIC = NO;
				GCC_NO_COMMON_BLOCKS = YES;
				GCC_OPTIMIZATION_LEVEL = 0;
				GCC_PREPROCESSOR_DEFINITIONS = (
					"$(inherited)",
					"DEBUG=1",
				);
				GCC_WARN_64_TO_32_BIT_CONVERSION = YES;
				GCC_WARN_ABOUT_RETURN_TYPE = YES_ERROR;
				GCC_WARN_UNDECLARED_SELECTOR = YES;
				GCC_WARN_UNINITIALIZED_AUTOS = YES_AGGRESSIVE;
				GCC_WARN_UNUSED_FUNCTION = YES;
				GCC_WARN_UNUSED_VARIABLE = YES;
				IPHONEOS_DEPLOYMENT_TARGET = 17.0;
				MTL_ENABLE_DEBUG_INFO = INCLUDE_SOURCE;
				MTL_FAST_MATH = YES;
				ONLY_ACTIVE_ARCH = YES;
				PRODUCT_NAME = "$(TARGET_NAME)";
				SDKROOT = iphoneos;
				SWIFT_ACTIVE_COMPILATION_CONDITIONS = DEBUG;
				SWIFT_OPTIMIZATION_LEVEL = "-Onone";
				SWIFT_VERSION = 5.0;
			};
			name = Debug;
		};
		6E9BE203D239BC48C979F76A /* Release */ = {
			isa = XCBuildConfiguration;
			buildSettings = {
				ASSETCATALOG_COMPILER_APPICON_NAME = AppIcon;
				CODE_SIGN_ENTITLEMENTS = Sources/BaseballIOS.entitlements;
				CODE_SIGN_IDENTITY = "iPhone Developer";
				CODE_SIGN_STYLE = Automatic;
				CURRENT_PROJECT_VERSION = 44;
				DEVELOPMENT_TEAM = D48DDX5D5W;
				INFOPLIST_FILE = Sources/Info.plist;
				LD_RUNPATH_SEARCH_PATHS = (
					"$(inherited)",
					"@executable_path/Frameworks",
				);
				MARKETING_VERSION = 1.0.3;
				PRODUCT_BUNDLE_IDENTIFIER = com.solkim.baseball.ios;
				PRODUCT_NAME = BaseballIOS;
				SDKROOT = iphoneos;
				SUPPORTS_MACCATALYST = NO;
				SWIFT_OBJC_BRIDGING_HEADER = "Sources/BaseballIOS-Bridging-Header.h";
				SWIFT_VERSION = 6.0;
				TARGETED_DEVICE_FAMILY = 1;
			};
			name = Release;
		};
		83AF4C6CB2974D4F42AD3527 /* Release */ = {
			isa = XCBuildConfiguration;
			buildSettings = {
				BUNDLE_LOADER = "$(TEST_HOST)";
				GENERATE_INFOPLIST_FILE = YES;
				LD_RUNPATH_SEARCH_PATHS = (
					"$(inherited)",
					"@executable_path/Frameworks",
					"@loader_path/Frameworks",
				);
				PRODUCT_BUNDLE_IDENTIFIER = com.solkim.baseball.ios.tests;
				SDKROOT = iphoneos;
				SWIFT_VERSION = 6.0;
				TARGETED_DEVICE_FAMILY = "1,2";
				TEST_HOST = "$(BUILT_PRODUCTS_DIR)/BaseballIOS.app/BaseballIOS";
			};
			name = Release;
		};
		CCB6C9B6A0F979DDD6A7D0D8 /* Debug */ = {
			isa = XCBuildConfiguration;
			buildSettings = {
				ASSETCATALOG_COMPILER_APPICON_NAME = AppIcon;
				CODE_SIGN_ENTITLEMENTS = Sources/BaseballIOS.entitlements;
				CODE_SIGN_IDENTITY = "iPhone Developer";
				CODE_SIGN_STYLE = Automatic;
				CURRENT_PROJECT_VERSION = 44;
				DEVELOPMENT_TEAM = D48DDX5D5W;
				INFOPLIST_FILE = Sources/Info.plist;
				LD_RUNPATH_SEARCH_PATHS = (
					"$(inherited)",
					"@executable_path/Frameworks",
				);
				MARKETING_VERSION = 1.0.3;
				PRODUCT_BUNDLE_IDENTIFIER = com.solkim.baseball.ios;
				PRODUCT_NAME = BaseballIOS;
				SDKROOT = iphoneos;
				SUPPORTS_MACCATALYST = NO;
				SWIFT_OBJC_BRIDGING_HEADER = "Sources/BaseballIOS-Bridging-Header.h";
				SWIFT_VERSION = 6.0;
				TARGETED_DEVICE_FAMILY = 1;
			};
			name = Debug;
		};
/* End XCBuildConfiguration section */

/* Begin XCConfigurationList section */
		2E8D60918B71CC7B52EECEFF /* Build configuration list for PBXNativeTarget "BaseballIOSUITests" */ = {
			isa = XCConfigurationList;
			buildConfigurations = (
				0AA89270AA8F58F4BC6077D1 /* Debug */,
				355EC02F0AD251EA4FDCA78F /* Release */,
			);
			defaultConfigurationIsVisible = 0;
			defaultConfigurationName = Debug;
		};
		45BB05BC1D4755C860A32F98 /* Build configuration list for PBXProject "Baseball" */ = {
			isa = XCConfigurationList;
			buildConfigurations = (
				382A8E48A7C4D6D40C139BF0 /* Debug */,
				2DE7AA60B0754DD91DC30B3C /* Release */,
			);
			defaultConfigurationIsVisible = 0;
			defaultConfigurationName = Debug;
		};
		9CD84D33351B9F46FCB332A7 /* Build configuration list for PBXNativeTarget "BaseballIOSTests" */ = {
			isa = XCConfigurationList;
			buildConfigurations = (
				08B2D671B6D181FB1BFD8C97 /* Debug */,
				83AF4C6CB2974D4F42AD3527 /* Release */,
			);
			defaultConfigurationIsVisible = 0;
			defaultConfigurationName = Debug;
		};
		F0D5EF489AC58AE611FD4696 /* Build configuration list for PBXNativeTarget "BaseballIOS" */ = {
			isa = XCConfigurationList;
			buildConfigurations = (
				CCB6C9B6A0F979DDD6A7D0D8 /* Debug */,
				6E9BE203D239BC48C979F76A /* Release */,
			);
			defaultConfigurationIsVisible = 0;
			defaultConfigurationName = Debug;
		};
/* End XCConfigurationList section */

/* Begin XCLocalSwiftPackageReference section */
		94622FAF6111F98B04F64A13 /* XCLocalSwiftPackageReference "../../packages/simulation-core" */ = {
			isa = XCLocalSwiftPackageReference;
			relativePath = "../../packages/simulation-core";
		};
/* End XCLocalSwiftPackageReference section */

/* Begin XCRemoteSwiftPackageReference section */
		84749EF984996930AFA19C2B /* XCRemoteSwiftPackageReference "Amplitude-Swift" */ = {
			isa = XCRemoteSwiftPackageReference;
			repositoryURL = "https://github.com/amplitude/Amplitude-Swift";
			requirement = {
				kind = upToNextMajorVersion;
				minimumVersion = 1.9.0;
			};
		};
		B73EE58B1A58466DF23615EA /* XCRemoteSwiftPackageReference "firebase-ios-sdk" */ = {
			isa = XCRemoteSwiftPackageReference;
			repositoryURL = "https://github.com/firebase/firebase-ios-sdk";
			requirement = {
				kind = upToNextMajorVersion;
				minimumVersion = 11.0.0;
			};
		};
/* End XCRemoteSwiftPackageReference section */

/* Begin XCSwiftPackageProductDependency section */
		038EBE72085665C46B77DF02 /* SimulationCore */ = {
			isa = XCSwiftPackageProductDependency;
			productName = SimulationCore;
		};
		17CAB6B06F634AF92AC437D2 /* SimulationCore */ = {
			isa = XCSwiftPackageProductDependency;
			productName = SimulationCore;
		};
		596CFC81225CCDFCB6BFC130 /* AmplitudeSwift */ = {
			isa = XCSwiftPackageProductDependency;
			package = 84749EF984996930AFA19C2B /* XCRemoteSwiftPackageReference "Amplitude-Swift" */;
			productName = AmplitudeSwift;
		};
		5EB7D7DD80808D2ADC11E76C /* FirebaseAnalytics */ = {
			isa = XCSwiftPackageProductDependency;
			package = B73EE58B1A58466DF23615EA /* XCRemoteSwiftPackageReference "firebase-ios-sdk" */;
			productName = FirebaseAnalytics;
		};
/* End XCSwiftPackageProductDependency section */
	};
	rootObject = 0E17C2BC6CF84F4B1E407270 /* Project object */;
}
