// !$*UTF8*$!
{
	archiveVersion = 1;
	classes = {
	};
	objectVersion = 77;
	objects = {

/* Begin PBXBuildFile section */
		0E8B47740AB64ADAAD5B3CCF /* MobileCareerStore.swift in Sources */ = {isa = PBXBuildFile; fileRef = CD3E88E4A7B3086BC982C1FF /* MobileCareerStore.swift */; };
		13EA77018AE302361EDCB5D0 /* BaseballApp.swift in Sources */ = {isa = PBXBuildFile; fileRef = 2EA74DD86E9DE3EEACA98A97 /* BaseballApp.swift */; };
		2002DF8C14E6ACE3382A1C57 /* PrivacyInfo.xcprivacy in Resources */ = {isa = PBXBuildFile; fileRef = 8C9444147D2AD6F238142F71 /* PrivacyInfo.xcprivacy */; };
		6407DCFE4D37D5E4AE6F19CF /* RecordView.swift in Sources */ = {isa = PBXBuildFile; fileRef = C95C0C193AE57D564D00ED12 /* RecordView.swift */; };
		98F47F2D21DE7C84E44394A0 /* CareerFlowView.swift in Sources */ = {isa = PBXBuildFile; fileRef = 3D26B37B23B71DC22DBFBA27 /* CareerFlowView.swift */; };
		A7A1E4BCB6F2294E361B74CD /* Assets.xcassets in Resources */ = {isa = PBXBuildFile; fileRef = 88829ECACC67B2EBCDBC9538 /* Assets.xcassets */; };
		D461F48E6FD8C03B8697AAA5 /* SimulationCore in Frameworks */ = {isa = PBXBuildFile; productRef = 17CAB6B06F634AF92AC437D2 /* SimulationCore */; };
		F51A7AAC0D43BBCA3CB6D7AC /* AppShell.swift in Sources */ = {isa = PBXBuildFile; fileRef = 356AC8C39D52A759CC575D92 /* AppShell.swift */; };
/* End PBXBuildFile section */

/* Begin PBXFileReference section */
		285036A4851BB767A8890951 /* simulation-core */ = {isa = PBXFileReference; lastKnownFileType = folder; name = "simulation-core"; path = "../../packages/simulation-core"; sourceTree = SOURCE_ROOT; };
		2EA74DD86E9DE3EEACA98A97 /* BaseballApp.swift */ = {isa = PBXFileReference; lastKnownFileType = sourcecode.swift; path = BaseballApp.swift; sourceTree = "<group>"; };
		356AC8C39D52A759CC575D92 /* AppShell.swift */ = {isa = PBXFileReference; lastKnownFileType = sourcecode.swift; path = AppShell.swift; sourceTree = "<group>"; };
		3D26B37B23B71DC22DBFBA27 /* CareerFlowView.swift */ = {isa = PBXFileReference; lastKnownFileType = sourcecode.swift; path = CareerFlowView.swift; sourceTree = "<group>"; };
		88829ECACC67B2EBCDBC9538 /* Assets.xcassets */ = {isa = PBXFileReference; lastKnownFileType = folder.assetcatalog; path = Assets.xcassets; sourceTree = "<group>"; };
		8C9444147D2AD6F238142F71 /* PrivacyInfo.xcprivacy */ = {isa = PBXFileReference; path = PrivacyInfo.xcprivacy; sourceTree = "<group>"; };
		C95C0C193AE57D564D00ED12 /* RecordView.swift */ = {isa = PBXFileReference; lastKnownFileType = sourcecode.swift; path = RecordView.swift; sourceTree = "<group>"; };
		CD3E88E4A7B3086BC982C1FF /* MobileCareerStore.swift */ = {isa = PBXFileReference; lastKnownFileType = sourcecode.swift; path = MobileCareerStore.swift; sourceTree = "<group>"; };
		E9DF09E1A64F67EAE776D832 /* BaseballIOS.app */ = {isa = PBXFileReference; includeInIndex = 0; lastKnownFileType = wrapper.application; path = BaseballIOS.app; sourceTree = BUILT_PRODUCTS_DIR; };
/* End PBXFileReference section */

/* Begin PBXFrameworksBuildPhase section */
		ECE8DFFCFA700B1FB2D97575 /* Frameworks */ = {
			isa = PBXFrameworksBuildPhase;
			buildActionMask = 2147483647;
			files = (
				D461F48E6FD8C03B8697AAA5 /* SimulationCore in Frameworks */,
			);
			runOnlyForDeploymentPostprocessing = 0;
		};
/* End PBXFrameworksBuildPhase section */

/* Begin PBXGroup section */
		809F6CD070CFBBA16DF54098 /* Packages */ = {
			isa = PBXGroup;
			children = (
				285036A4851BB767A8890951 /* simulation-core */,
			);
			name = Packages;
			sourceTree = "<group>";
		};
		84C7B2D1DD60CB971AEAD148 /* Sources */ = {
			isa = PBXGroup;
			children = (
				356AC8C39D52A759CC575D92 /* AppShell.swift */,
				88829ECACC67B2EBCDBC9538 /* Assets.xcassets */,
				2EA74DD86E9DE3EEACA98A97 /* BaseballApp.swift */,
				3D26B37B23B71DC22DBFBA27 /* CareerFlowView.swift */,
				CD3E88E4A7B3086BC982C1FF /* MobileCareerStore.swift */,
				8C9444147D2AD6F238142F71 /* PrivacyInfo.xcprivacy */,
				C95C0C193AE57D564D00ED12 /* RecordView.swift */,
			);
			path = Sources;
			sourceTree = "<group>";
		};
		84E17BFBAF556BE69BE6D0ED /* Products */ = {
			isa = PBXGroup;
			children = (
				E9DF09E1A64F67EAE776D832 /* BaseballIOS.app */,
			);
			name = Products;
			sourceTree = "<group>";
		};
		B8B39C95E1D902769D81F510 = {
			isa = PBXGroup;
			children = (
				809F6CD070CFBBA16DF54098 /* Packages */,
				84C7B2D1DD60CB971AEAD148 /* Sources */,
				84E17BFBAF556BE69BE6D0ED /* Products */,
			);
			sourceTree = "<group>";
		};
/* End PBXGroup section */

/* Begin PBXNativeTarget section */
		A6AE4AA6C49C272B1AAC1C9E /* BaseballIOS */ = {
			isa = PBXNativeTarget;
			buildConfigurationList = F0D5EF489AC58AE611FD4696 /* Build configuration list for PBXNativeTarget "BaseballIOS" */;
			buildPhases = (
				7E9D1C43046248341AEF24EB /* Sources */,
				F44545047CE54335B85D7C94 /* Resources */,
				ECE8DFFCFA700B1FB2D97575 /* Frameworks */,
			);
			buildRules = (
			);
			dependencies = (
			);
			name = BaseballIOS;
			packageProductDependencies = (
				17CAB6B06F634AF92AC437D2 /* SimulationCore */,
			);
			productName = BaseballIOS;
			productReference = E9DF09E1A64F67EAE776D832 /* BaseballIOS.app */;
			productType = "com.apple.product-type.application";
		};
/* End PBXNativeTarget section */

/* Begin PBXProject section */
		0E17C2BC6CF84F4B1E407270 /* Project object */ = {
			isa = PBXProject;
			attributes = {
				BuildIndependentTargetsInParallel = YES;
				LastUpgradeCheck = 1430;
				TargetAttributes = {
					A6AE4AA6C49C272B1AAC1C9E = {
						ProvisioningStyle = Automatic;
					};
				};
			};
			buildConfigurationList = 45BB05BC1D4755C860A32F98 /* Build configuration list for PBXProject "Baseball" */;
			compatibilityVersion = "Xcode 14.0";
			developmentRegion = en;
			hasScannedForEncodings = 0;
			knownRegions = (
				Base,
				en,
			);
			mainGroup = B8B39C95E1D902769D81F510;
			minimizedProjectReferenceProxies = 1;
			packageReferences = (
				94622FAF6111F98B04F64A13 /* XCLocalSwiftPackageReference "../../packages/simulation-core" */,
			);
			preferredProjectObjectVersion = 77;
			projectDirPath = "";
			projectRoot = "";
			targets = (
				A6AE4AA6C49C272B1AAC1C9E /* BaseballIOS */,
			);
		};
/* End PBXProject section */

/* Begin PBXResourcesBuildPhase section */
		F44545047CE54335B85D7C94 /* Resources */ = {
			isa = PBXResourcesBuildPhase;
			buildActionMask = 2147483647;
			files = (
				A7A1E4BCB6F2294E361B74CD /* Assets.xcassets in Resources */,
				2002DF8C14E6ACE3382A1C57 /* PrivacyInfo.xcprivacy in Resources */,
			);
			runOnlyForDeploymentPostprocessing = 0;
		};
/* End PBXResourcesBuildPhase section */

/* Begin PBXSourcesBuildPhase section */
		7E9D1C43046248341AEF24EB /* Sources */ = {
			isa = PBXSourcesBuildPhase;
			buildActionMask = 2147483647;
			files = (
				F51A7AAC0D43BBCA3CB6D7AC /* AppShell.swift in Sources */,
				13EA77018AE302361EDCB5D0 /* BaseballApp.swift in Sources */,
				98F47F2D21DE7C84E44394A0 /* CareerFlowView.swift in Sources */,
				0E8B47740AB64ADAAD5B3CCF /* MobileCareerStore.swift in Sources */,
				6407DCFE4D37D5E4AE6F19CF /* RecordView.swift in Sources */,
			);
			runOnlyForDeploymentPostprocessing = 0;
		};
/* End PBXSourcesBuildPhase section */

/* Begin XCBuildConfiguration section */
		2DE7AA60B0754DD91DC30B3C /* Release */ = {
			isa = XCBuildConfiguration;
			buildSettings = {
				ALWAYS_SEARCH_USER_PATHS = NO;
				CLANG_ANALYZER_NONNULL = YES;
				CLANG_ANALYZER_NUMBER_OBJECT_CONVERSION = YES_AGGRESSIVE;
				CLANG_CXX_LANGUAGE_STANDARD = "gnu++14";
				CLANG_CXX_LIBRARY = "libc++";
				CLANG_ENABLE_MODULES = YES;
				CLANG_ENABLE_OBJC_ARC = YES;
				CLANG_ENABLE_OBJC_WEAK = YES;
				CLANG_WARN_BLOCK_CAPTURE_AUTORELEASING = YES;
				CLANG_WARN_BOOL_CONVERSION = YES;
				CLANG_WARN_COMMA = YES;
				CLANG_WARN_CONSTANT_CONVERSION = YES;
				CLANG_WARN_DEPRECATED_OBJC_IMPLEMENTATIONS = YES;
				CLANG_WARN_DIRECT_OBJC_ISA_USAGE = YES_ERROR;
				CLANG_WARN_DOCUMENTATION_COMMENTS = YES;
				CLANG_WARN_EMPTY_BODY = YES;
				CLANG_WARN_ENUM_CONVERSION = YES;
				CLANG_WARN_INFINITE_RECURSION = YES;
				CLANG_WARN_INT_CONVERSION = YES;
				CLANG_WARN_NON_LITERAL_NULL_CONVERSION = YES;
				CLANG_WARN_OBJC_IMPLICIT_RETAIN_SELF = YES;
				CLANG_WARN_OBJC_LITERAL_CONVERSION = YES;
				CLANG_WARN_OBJC_ROOT_CLASS = YES_ERROR;
				CLANG_WARN_QUOTED_INCLUDE_IN_FRAMEWORK_HEADER = YES;
				CLANG_WARN_RANGE_LOOP_ANALYSIS = YES;
				CLANG_WARN_STRICT_PROTOTYPES = YES;
				CLANG_WARN_SUSPICIOUS_MOVE = YES;
				CLANG_WARN_UNGUARDED_AVAILABILITY = YES_AGGRESSIVE;
				CLANG_WARN_UNREACHABLE_CODE = YES;
				CLANG_WARN__DUPLICATE_METHOD_MATCH = YES;
				COPY_PHASE_STRIP = NO;
				DEBUG_INFORMATION_FORMAT = "dwarf-with-dsym";
				ENABLE_NS_ASSERTIONS = NO;
				ENABLE_STRICT_OBJC_MSGSEND = YES;
				GCC_C_LANGUAGE_STANDARD = gnu11;
				GCC_NO_COMMON_BLOCKS = YES;
				GCC_WARN_64_TO_32_BIT_CONVERSION = YES;
				GCC_WARN_ABOUT_RETURN_TYPE = YES_ERROR;
				GCC_WARN_UNDECLARED_SELECTOR = YES;
				GCC_WARN_UNINITIALIZED_AUTOS = YES_AGGRESSIVE;
				GCC_WARN_UNUSED_FUNCTION = YES;
				GCC_WARN_UNUSED_VARIABLE = YES;
				IPHONEOS_DEPLOYMENT_TARGET = 17.0;
				MTL_ENABLE_DEBUG_INFO = NO;
				MTL_FAST_MATH = YES;
				PRODUCT_NAME = "$(TARGET_NAME)";
				SDKROOT = iphoneos;
				SWIFT_COMPILATION_MODE = wholemodule;
				SWIFT_OPTIMIZATION_LEVEL = "-O";
				SWIFT_VERSION = 5.0;
			};
			name = Release;
		};
		382A8E48A7C4D6D40C139BF0 /* Debug */ = {
			isa = XCBuildConfiguration;
			buildSettings = {
				ALWAYS_SEARCH_USER_PATHS = NO;
				CLANG_ANALYZER_NONNULL = YES;
				CLANG_ANALYZER_NUMBER_OBJECT_CONVERSION = YES_AGGRESSIVE;
				CLANG_CXX_LANGUAGE_STANDARD = "gnu++14";
				CLANG_CXX_LIBRARY = "libc++";
				CLANG_ENABLE_MODULES = YES;
				CLANG_ENABLE_OBJC_ARC = YES;
				CLANG_ENABLE_OBJC_WEAK = YES;
				CLANG_WARN_BLOCK_CAPTURE_AUTORELEASING = YES;
				CLANG_WARN_BOOL_CONVERSION = YES;
				CLANG_WARN_COMMA = YES;
				CLANG_WARN_CONSTANT_CONVERSION = YES;
				CLANG_WARN_DEPRECATED_OBJC_IMPLEMENTATIONS = YES;
				CLANG_WARN_DIRECT_OBJC_ISA_USAGE = YES_ERROR;
				CLANG_WARN_DOCUMENTATION_COMMENTS = YES;
				CLANG_WARN_EMPTY_BODY = YES;
				CLANG_WARN_ENUM_CONVERSION = YES;
				CLANG_WARN_INFINITE_RECURSION = YES;
				CLANG_WARN_INT_CONVERSION = YES;
				CLANG_WARN_NON_LITERAL_NULL_CONVERSION = YES;
				CLANG_WARN_OBJC_IMPLICIT_RETAIN_SELF = YES;
				CLANG_WARN_OBJC_LITERAL_CONVERSION = YES;
				CLANG_WARN_OBJC_ROOT_CLASS = YES_ERROR;
				CLANG_WARN_QUOTED_INCLUDE_IN_FRAMEWORK_HEADER = YES;
				CLANG_WARN_RANGE_LOOP_ANALYSIS = YES;
				CLANG_WARN_STRICT_PROTOTYPES = YES;
				CLANG_WARN_SUSPICIOUS_MOVE = YES;
				CLANG_WARN_UNGUARDED_AVAILABILITY = YES_AGGRESSIVE;
				CLANG_WARN_UNREACHABLE_CODE = YES;
				CLANG_WARN__DUPLICATE_METHOD_MATCH = YES;
				COPY_PHASE_STRIP = NO;
				DEBUG_INFORMATION_FORMAT = dwarf;
				ENABLE_STRICT_OBJC_MSGSEND = YES;
				ENABLE_TESTABILITY = YES;
				GCC_C_LANGUAGE_STANDARD = gnu11;
				GCC_DYNAMIC_NO_PIC = NO;
				GCC_NO_COMMON_BLOCKS = YES;
				GCC_OPTIMIZATION_LEVEL = 0;
				GCC_PREPROCESSOR_DEFINITIONS = (
					"$(inherited)",
					"DEBUG=1",
				);
				GCC_WARN_64_TO_32_BIT_CONVERSION = YES;
				GCC_WARN_ABOUT_RETURN_TYPE = YES_ERROR;
				GCC_WARN_UNDECLARED_SELECTOR = YES;
				GCC_WARN_UNINITIALIZED_AUTOS = YES_AGGRESSIVE;
				GCC_WARN_UNUSED_FUNCTION = YES;
				GCC_WARN_UNUSED_VARIABLE = YES;
				IPHONEOS_DEPLOYMENT_TARGET = 17.0;
				MTL_ENABLE_DEBUG_INFO = INCLUDE_SOURCE;
				MTL_FAST_MATH = YES;
				ONLY_ACTIVE_ARCH = YES;
				PRODUCT_NAME = "$(TARGET_NAME)";
				SDKROOT = iphoneos;
				SWIFT_ACTIVE_COMPILATION_CONDITIONS = DEBUG;
				SWIFT_OPTIMIZATION_LEVEL = "-Onone";
				SWIFT_VERSION = 5.0;
			};
			name = Debug;
		};
		6E9BE203D239BC48C979F76A /* Release */ = {
			isa = XCBuildConfiguration;
			buildSettings = {
				ASSETCATALOG_COMPILER_APPICON_NAME = AppIcon;
				CODE_SIGN_IDENTITY = "iPhone Developer";
				CODE_SIGN_STYLE = Automatic;
				CURRENT_PROJECT_VERSION = 1;
				GENERATE_INFOPLIST_FILE = YES;
				INFOPLIST_KEY_CFBundleDisplayName = "야구 못하면 또 환생함";
				INFOPLIST_KEY_UIApplicationSceneManifest_Generation = YES;
				INFOPLIST_KEY_UIApplicationSupportsIndirectInputEvents = YES;
				INFOPLIST_KEY_UILaunchScreen_Generation = YES;
				LD_RUNPATH_SEARCH_PATHS = (
					"$(inherited)",
					"@executable_path/Frameworks",
				);
				MARKETING_VERSION = 1.0.0;
				PRODUCT_BUNDLE_IDENTIFIER = com.solkim.baseball.ios;
				PRODUCT_NAME = "야구 못하면 또 환생함";
				SDKROOT = iphoneos;
				SUPPORTS_MACCATALYST = NO;
				SWIFT_VERSION = 6.0;
				TARGETED_DEVICE_FAMILY = "1,2";
			};
			name = Release;
		};
		CCB6C9B6A0F979DDD6A7D0D8 /* Debug */ = {
			isa = XCBuildConfiguration;
			buildSettings = {
				ASSETCATALOG_COMPILER_APPICON_NAME = AppIcon;
				CODE_SIGN_IDENTITY = "iPhone Developer";
				CODE_SIGN_STYLE = Automatic;
				CURRENT_PROJECT_VERSION = 1;
				GENERATE_INFOPLIST_FILE = YES;
				INFOPLIST_KEY_CFBundleDisplayName = "야구 못하면 또 환생함";
				INFOPLIST_KEY_UIApplicationSceneManifest_Generation = YES;
				INFOPLIST_KEY_UIApplicationSupportsIndirectInputEvents = YES;
				INFOPLIST_KEY_UILaunchScreen_Generation = YES;
				LD_RUNPATH_SEARCH_PATHS = (
					"$(inherited)",
					"@executable_path/Frameworks",
				);
				MARKETING_VERSION = 1.0.0;
				PRODUCT_BUNDLE_IDENTIFIER = com.solkim.baseball.ios;
				PRODUCT_NAME = "야구 못하면 또 환생함";
				SDKROOT = iphoneos;
				SUPPORTS_MACCATALYST = NO;
				SWIFT_VERSION = 6.0;
				TARGETED_DEVICE_FAMILY = "1,2";
			};
			name = Debug;
		};
/* End XCBuildConfiguration section */

/* Begin XCConfigurationList section */
		45BB05BC1D4755C860A32F98 /* Build configuration list for PBXProject "Baseball" */ = {
			isa = XCConfigurationList;
			buildConfigurations = (
				382A8E48A7C4D6D40C139BF0 /* Debug */,
				2DE7AA60B0754DD91DC30B3C /* Release */,
			);
			defaultConfigurationIsVisible = 0;
			defaultConfigurationName = Debug;
		};
		F0D5EF489AC58AE611FD4696 /* Build configuration list for PBXNativeTarget "BaseballIOS" */ = {
			isa = XCConfigurationList;
			buildConfigurations = (
				CCB6C9B6A0F979DDD6A7D0D8 /* Debug */,
				6E9BE203D239BC48C979F76A /* Release */,
			);
			defaultConfigurationIsVisible = 0;
			defaultConfigurationName = Debug;
		};
/* End XCConfigurationList section */

/* Begin XCLocalSwiftPackageReference section */
		94622FAF6111F98B04F64A13 /* XCLocalSwiftPackageReference "../../packages/simulation-core" */ = {
			isa = XCLocalSwiftPackageReference;
			relativePath = "../../packages/simulation-core";
		};
/* End XCLocalSwiftPackageReference section */

/* Begin XCSwiftPackageProductDependency section */
		17CAB6B06F634AF92AC437D2 /* SimulationCore */ = {
			isa = XCSwiftPackageProductDependency;
			productName = SimulationCore;
		};
/* End XCSwiftPackageProductDependency section */
	};
	rootObject = 0E17C2BC6CF84F4B1E407270 /* Project object */;
}
